
Microsoft Visual Studio Solution File, Format Version 12.00
# Visual Studio Version 17
VisualStudioVersion = 17.1.32228.430
MinimumVisualStudioVersion = 10.0.40219.1
Project("{2150E333-8FDC-42A3-9474-1A3956D46DE8}") = "CharlieWing", "CharlieWing", "{05BBB840-2079-4DF8-B376-7151248435A6}"
EndProject
Project("{9A19103F-16F7-4668-BE54-9A1E7A4F7556}") = "CharlieWing", "CharlieWing\Driver\CharlieWing.csproj", "{9E22861D-F758-4BD4-B99B-4A9019AE697E}"
EndProject
Project("{2150E333-8FDC-42A3-9474-1A3956D46DE8}") = "Sample", "Sample", "{8B8B5662-955E-4522-BB6A-84778A2B479E}"
EndProject
Project("{2150E333-8FDC-42A3-9474-1A3956D46DE8}") = "DotStarWing", "DotStarWing", "{D4B5E713-8E08-4F62-BB74-FF35EFDC0EFC}"
EndProject
Project("{2150E333-8FDC-42A3-9474-1A3956D46DE8}") = "Sample", "Sample", "{D58779E9-FC72-4C7E-98C8-504B92E1DF63}"
EndProject
Project("{2150E333-8FDC-42A3-9474-1A3956D46DE8}") = "GPSWing", "GPSWing", "{3BFB72FB-3874-4BF0-914B-4636C39E11B8}"
EndProject
Project("{2150E333-8FDC-42A3-9474-1A3956D46DE8}") = "Sample", "Sample", "{48F2A960-4DEC-4F82-82E2-A8346B6E6CCB}"
EndProject
Project("{2150E333-8FDC-42A3-9474-1A3956D46DE8}") = "KeyboardWing", "KeyboardWing", "{E889237C-09AB-4576-B1FD-48CC0AD293A1}"
EndProject
Project("{2150E333-8FDC-42A3-9474-1A3956D46DE8}") = "Sample", "Sample", "{1665DCAE-96AB-418E-A184-730989FF1F85}"
EndProject
Project("{2150E333-8FDC-42A3-9474-1A3956D46DE8}") = "LedMatrix8x16Wing", "LedMatrix8x16Wing", "{339D3E6A-B60D-4171-A7A4-14F836CDB5F2}"
EndProject
Project("{2150E333-8FDC-42A3-9474-1A3956D46DE8}") = "Sample", "Sample", "{4F830A91-3D4E-4DB8-BE31-139C684B697D}"
EndProject
Project("{2150E333-8FDC-42A3-9474-1A3956D46DE8}") = "MotorWing", "MotorWing", "{BDB7C99A-CDAD-4F78-973B-FDC8CE7E1FFF}"
EndProject
Project("{2150E333-8FDC-42A3-9474-1A3956D46DE8}") = "Sample", "Sample", "{9F3B932A-9EF5-4622-8880-004837C9DB5D}"
EndProject
Project("{2150E333-8FDC-42A3-9474-1A3956D46DE8}") = "OLED128x32Wing", "OLED128x32Wing", "{7650181E-8B35-460F-B046-0E162E834239}"
EndProject
Project("{2150E333-8FDC-42A3-9474-1A3956D46DE8}") = "Sample", "Sample", "{18F79DC9-68E5-4D76-BDD9-850E8FC9FA35}"
EndProject
Project("{2150E333-8FDC-42A3-9474-1A3956D46DE8}") = "ServoWing", "ServoWing", "{293F2FC1-21F9-4825-B2C5-EBFA6876E364}"
EndProject
Project("{2150E333-8FDC-42A3-9474-1A3956D46DE8}") = "Sample", "Sample", "{8E81ED23-EEDE-417E-9084-D6BBBBA5CA2C}"
EndProject
Project("{9A19103F-16F7-4668-BE54-9A1E7A4F7556}") = "CharlieWing_Sample", "CharlieWing\Samples\CharlieWing_Sample\CharlieWing_Sample.csproj", "{B1AF8E26-E82F-46FA-8896-432B0ABAC88F}"
EndProject
Project("{9A19103F-16F7-4668-BE54-9A1E7A4F7556}") = "DotstarWing", "DotstarWing\Driver\DotstarWing.csproj", "{5606CF40-A7F0-4D65-B460-9E43A2BC1C6F}"
EndProject
Project("{9A19103F-16F7-4668-BE54-9A1E7A4F7556}") = "DotstarWing_Sample", "DotstarWing\Samples\DotstarWing_Sample\DotstarWing_Sample.csproj", "{EDEC9769-249E-4DBC-A400-A0CE1AD035B7}"
EndProject
Project("{9A19103F-16F7-4668-BE54-9A1E7A4F7556}") = "GPSWing", "GPSWing\Driver\GPSWing.csproj", "{4387522A-7C95-4897-8AAB-967FA3187C7F}"
EndProject
Project("{9A19103F-16F7-4668-BE54-9A1E7A4F7556}") = "GPSWing_Sample", "GPSWing\Samples\GPSWing_Sample\GPSWing_Sample.csproj", "{41E80142-BCE2-4A87-BE41-4E586EF0CF7F}"
EndProject
Project("{9A19103F-16F7-4668-BE54-9A1E7A4F7556}") = "KeyboardWing", "KeyboardWing\Driver\KeyboardWing.csproj", "{2BF92D66-189D-4F36-920C-CD5BBC0BD004}"
EndProject
Project("{9A19103F-16F7-4668-BE54-9A1E7A4F7556}") = "KeyboardWing_Sample", "KeyboardWing\Samples\KeyboardWing_Sample\KeyboardWing_Sample.csproj", "{7D6A1107-81AC-4BDA-A1AD-0969D3722CA2}"
EndProject
Project("{9A19103F-16F7-4668-BE54-9A1E7A4F7556}") = "LedMatrix8x16Wing", "LedMatrix8x16Wing\Driver\LedMatrix8x16Wing.csproj", "{00CA4F88-E0EA-4298-AAA0-BF1B68DD93A1}"
EndProject
Project("{9A19103F-16F7-4668-BE54-9A1E7A4F7556}") = "LedMatrix8x16Wing_Sample", "LedMatrix8x16Wing\Samples\LedMatrix8x16Wing_Sample\LedMatrix8x16Wing_Sample.csproj", "{9AF26606-26C9-462B-AE69-14F22BC98A92}"
EndProject
Project("{9A19103F-16F7-4668-BE54-9A1E7A4F7556}") = "MotorWing", "MotorWing\Driver\MotorWing.csproj", "{121B5614-7F49-4BE7-8E39-113AE5D7FB9E}"
EndProject
Project("{9A19103F-16F7-4668-BE54-9A1E7A4F7556}") = "MotorWing_Sample", "MotorWing\Sample\MotorWing_Sample\MotorWing_Sample.csproj", "{CBBE3745-6AB6-4932-8D71-13B55C86B15B}"
EndProject
Project("{9A19103F-16F7-4668-BE54-9A1E7A4F7556}") = "OLED128x32Wing", "OLED128x32Wing\Driver\OLED128x32Wing.csproj", "{69E202B2-915E-4D6A-9C6C-D16B4CAA70A0}"
EndProject
Project("{9A19103F-16F7-4668-BE54-9A1E7A4F7556}") = "OLED128x32Wing_Sample", "OLED128x32Wing\Sample\OLED128x32Wing_Sample\OLED128x32Wing_Sample.csproj", "{B5B58E80-D5C7-4EF3-BFC3-C17ED9B15E4D}"
EndProject
Project("{9A19103F-16F7-4668-BE54-9A1E7A4F7556}") = "ServoWing", "ServoWing\Driver\ServoWing.csproj", "{28B2EF36-0BFE-41DC-B253-631D82E84EE7}"
EndProject
Project("{9A19103F-16F7-4668-BE54-9A1E7A4F7556}") = "ServoWing_Sample", "ServoWing\Sample\ServoWing_Sample\ServoWing_Sample.csproj", "{8F504BB6-31D4-4BF4-B3C3-D9FE39CB29D3}"
EndProject
Global
	GlobalSection(SolutionConfigurationPlatforms) = preSolution
		Debug|Any CPU = Debug|Any CPU
		Release|Any CPU = Release|Any CPU
	EndGlobalSection
	GlobalSection(ProjectConfigurationPlatforms) = postSolution
		{9E22861D-F758-4BD4-B99B-4A9019AE697E}.Debug|Any CPU.ActiveCfg = Debug|Any CPU
		{9E22861D-F758-4BD4-B99B-4A9019AE697E}.Debug|Any CPU.Build.0 = Debug|Any CPU
		{9E22861D-F758-4BD4-B99B-4A9019AE697E}.Debug|Any CPU.Deploy.0 = Debug|Any CPU
		{9E22861D-F758-4BD4-B99B-4A9019AE697E}.Release|Any CPU.ActiveCfg = Release|Any CPU
		{9E22861D-F758-4BD4-B99B-4A9019AE697E}.Release|Any CPU.Build.0 = Release|Any CPU
		{9E22861D-F758-4BD4-B99B-4A9019AE697E}.Release|Any CPU.Deploy.0 = Release|Any CPU
		{B1AF8E26-E82F-46FA-8896-432B0ABAC88F}.Debug|Any CPU.ActiveCfg = Debug|Any CPU
		{B1AF8E26-E82F-46FA-8896-432B0ABAC88F}.Debug|Any CPU.Build.0 = Debug|Any CPU
		{B1AF8E26-E82F-46FA-8896-432B0ABAC88F}.Debug|Any CPU.Deploy.0 = Debug|Any CPU
		{B1AF8E26-E82F-46FA-8896-432B0ABAC88F}.Release|Any CPU.ActiveCfg = Release|Any CPU
		{B1AF8E26-E82F-46FA-8896-432B0ABAC88F}.Release|Any CPU.Build.0 = Release|Any CPU
		{B1AF8E26-E82F-46FA-8896-432B0ABAC88F}.Release|Any CPU.Deploy.0 = Release|Any CPU
		{5606CF40-A7F0-4D65-B460-9E43A2BC1C6F}.Debug|Any CPU.ActiveCfg = Debug|Any CPU
		{5606CF40-A7F0-4D65-B460-9E43A2BC1C6F}.Debug|Any CPU.Build.0 = Debug|Any CPU
		{5606CF40-A7F0-4D65-B460-9E43A2BC1C6F}.Debug|Any CPU.Deploy.0 = Debug|Any CPU
		{5606CF40-A7F0-4D65-B460-9E43A2BC1C6F}.Release|Any CPU.ActiveCfg = Release|Any CPU
		{5606CF40-A7F0-4D65-B460-9E43A2BC1C6F}.Release|Any CPU.Build.0 = Release|Any CPU
		{5606CF40-A7F0-4D65-B460-9E43A2BC1C6F}.Release|Any CPU.Deploy.0 = Release|Any CPU
		{EDEC9769-249E-4DBC-A400-A0CE1AD035B7}.Debug|Any CPU.ActiveCfg = Debug|Any CPU
		{EDEC9769-249E-4DBC-A400-A0CE1AD035B7}.Debug|Any CPU.Build.0 = Debug|Any CPU
		{EDEC9769-249E-4DBC-A400-A0CE1AD035B7}.Debug|Any CPU.Deploy.0 = Debug|Any CPU
		{EDEC9769-249E-4DBC-A400-A0CE1AD035B7}.Release|Any CPU.ActiveCfg = Release|Any CPU
		{EDEC9769-249E-4DBC-A400-A0CE1AD035B7}.Release|Any CPU.Build.0 = Release|Any CPU
		{EDEC9769-249E-4DBC-A400-A0CE1AD035B7}.Release|Any CPU.Deploy.0 = Release|Any CPU
		{4387522A-7C95-4897-8AAB-967FA3187C7F}.Debug|Any CPU.ActiveCfg = Debug|Any CPU
		{4387522A-7C95-4897-8AAB-967FA3187C7F}.Debug|Any CPU.Build.0 = Debug|Any CPU
		{4387522A-7C95-4897-8AAB-967FA3187C7F}.Debug|Any CPU.Deploy.0 = Debug|Any CPU
		{4387522A-7C95-4897-8AAB-967FA3187C7F}.Release|Any CPU.ActiveCfg = Release|Any CPU
		{4387522A-7C95-4897-8AAB-967FA3187C7F}.Release|Any CPU.Build.0 = Release|Any CPU
		{4387522A-7C95-4897-8AAB-967FA3187C7F}.Release|Any CPU.Deploy.0 = Release|Any CPU
		{41E80142-BCE2-4A87-BE41-4E586EF0CF7F}.Debug|Any CPU.ActiveCfg = Debug|Any CPU
		{41E80142-BCE2-4A87-BE41-4E586EF0CF7F}.Debug|Any CPU.Build.0 = Debug|Any CPU
		{41E80142-BCE2-4A87-BE41-4E586EF0CF7F}.Debug|Any CPU.Deploy.0 = Debug|Any CPU
		{41E80142-BCE2-4A87-BE41-4E586EF0CF7F}.Release|Any CPU.ActiveCfg = Release|Any CPU
		{41E80142-BCE2-4A87-BE41-4E586EF0CF7F}.Release|Any CPU.Build.0 = Release|Any CPU
		{41E80142-BCE2-4A87-BE41-4E586EF0CF7F}.Release|Any CPU.Deploy.0 = Release|Any CPU
		{2BF92D66-189D-4F36-920C-CD5BBC0BD004}.Debug|Any CPU.ActiveCfg = Debug|Any CPU
		{2BF92D66-189D-4F36-920C-CD5BBC0BD004}.Debug|Any CPU.Build.0 = Debug|Any CPU
		{2BF92D66-189D-4F36-920C-CD5BBC0BD004}.Debug|Any CPU.Deploy.0 = Debug|Any CPU
		{2BF92D66-189D-4F36-920C-CD5BBC0BD004}.Release|Any CPU.ActiveCfg = Release|Any CPU
		{2BF92D66-189D-4F36-920C-CD5BBC0BD004}.Release|Any CPU.Build.0 = Release|Any CPU
		{2BF92D66-189D-4F36-920C-CD5BBC0BD004}.Release|Any CPU.Deploy.0 = Release|Any CPU
		{7D6A1107-81AC-4BDA-A1AD-0969D3722CA2}.Debug|Any CPU.ActiveCfg = Debug|Any CPU
		{7D6A1107-81AC-4BDA-A1AD-0969D3722CA2}.Debug|Any CPU.Build.0 = Debug|Any CPU
		{7D6A1107-81AC-4BDA-A1AD-0969D3722CA2}.Debug|Any CPU.Deploy.0 = Debug|Any CPU
		{7D6A1107-81AC-4BDA-A1AD-0969D3722CA2}.Release|Any CPU.ActiveCfg = Release|Any CPU
		{7D6A1107-81AC-4BDA-A1AD-0969D3722CA2}.Release|Any CPU.Build.0 = Release|Any CPU
		{7D6A1107-81AC-4BDA-A1AD-0969D3722CA2}.Release|Any CPU.Deploy.0 = Release|Any CPU
		{00CA4F88-E0EA-4298-AAA0-BF1B68DD93A1}.Debug|Any CPU.ActiveCfg = Debug|Any CPU
		{00CA4F88-E0EA-4298-AAA0-BF1B68DD93A1}.Debug|Any CPU.Build.0 = Debug|Any CPU
		{00CA4F88-E0EA-4298-AAA0-BF1B68DD93A1}.Debug|Any CPU.Deploy.0 = Debug|Any CPU
		{00CA4F88-E0EA-4298-AAA0-BF1B68DD93A1}.Release|Any CPU.ActiveCfg = Release|Any CPU
		{00CA4F88-E0EA-4298-AAA0-BF1B68DD93A1}.Release|Any CPU.Build.0 = Release|Any CPU
		{00CA4F88-E0EA-4298-AAA0-BF1B68DD93A1}.Release|Any CPU.Deploy.0 = Release|Any CPU
		{9AF26606-26C9-462B-AE69-14F22BC98A92}.Debug|Any CPU.ActiveCfg = Debug|Any CPU
		{9AF26606-26C9-462B-AE69-14F22BC98A92}.Debug|Any CPU.Build.0 = Debug|Any CPU
		{9AF26606-26C9-462B-AE69-14F22BC98A92}.Debug|Any CPU.Deploy.0 = Debug|Any CPU
		{9AF26606-26C9-462B-AE69-14F22BC98A92}.Release|Any CPU.ActiveCfg = Release|Any CPU
		{9AF26606-26C9-462B-AE69-14F22BC98A92}.Release|Any CPU.Build.0 = Release|Any CPU
		{9AF26606-26C9-462B-AE69-14F22BC98A92}.Release|Any CPU.Deploy.0 = Release|Any CPU
		{121B5614-7F49-4BE7-8E39-113AE5D7FB9E}.Debug|Any CPU.ActiveCfg = Debug|Any CPU
		{121B5614-7F49-4BE7-8E39-113AE5D7FB9E}.Debug|Any CPU.Build.0 = Debug|Any CPU
		{121B5614-7F49-4BE7-8E39-113AE5D7FB9E}.Debug|Any CPU.Deploy.0 = Debug|Any CPU
		{121B5614-7F49-4BE7-8E39-113AE5D7FB9E}.Release|Any CPU.ActiveCfg = Release|Any CPU
		{121B5614-7F49-4BE7-8E39-113AE5D7FB9E}.Release|Any CPU.Build.0 = Release|Any CPU
		{121B5614-7F49-4BE7-8E39-113AE5D7FB9E}.Release|Any CPU.Deploy.0 = Release|Any CPU
		{CBBE3745-6AB6-4932-8D71-13B55C86B15B}.Debug|Any CPU.ActiveCfg = Debug|Any CPU
		{CBBE3745-6AB6-4932-8D71-13B55C86B15B}.Debug|Any CPU.Build.0 = Debug|Any CPU
		{CBBE3745-6AB6-4932-8D71-13B55C86B15B}.Debug|Any CPU.Deploy.0 = Debug|Any CPU
		{CBBE3745-6AB6-4932-8D71-13B55C86B15B}.Release|Any CPU.ActiveCfg = Release|Any CPU
		{CBBE3745-6AB6-4932-8D71-13B55C86B15B}.Release|Any CPU.Build.0 = Release|Any CPU
		{CBBE3745-6AB6-4932-8D71-13B55C86B15B}.Release|Any CPU.Deploy.0 = Release|Any CPU
		{69E202B2-915E-4D6A-9C6C-D16B4CAA70A0}.Debug|Any CPU.ActiveCfg = Debug|Any CPU
		{69E202B2-915E-4D6A-9C6C-D16B4CAA70A0}.Debug|Any CPU.Build.0 = Debug|Any CPU
		{69E202B2-915E-4D6A-9C6C-D16B4CAA70A0}.Debug|Any CPU.Deploy.0 = Debug|Any CPU
		{69E202B2-915E-4D6A-9C6C-D16B4CAA70A0}.Release|Any CPU.ActiveCfg = Release|Any CPU
		{69E202B2-915E-4D6A-9C6C-D16B4CAA70A0}.Release|Any CPU.Build.0 = Release|Any CPU
		{69E202B2-915E-4D6A-9C6C-D16B4CAA70A0}.Release|Any CPU.Deploy.0 = Release|Any CPU
		{B5B58E80-D5C7-4EF3-BFC3-C17ED9B15E4D}.Debug|Any CPU.ActiveCfg = Debug|Any CPU
		{B5B58E80-D5C7-4EF3-BFC3-C17ED9B15E4D}.Debug|Any CPU.Build.0 = Debug|Any CPU
		{B5B58E80-D5C7-4EF3-BFC3-C17ED9B15E4D}.Debug|Any CPU.Deploy.0 = Debug|Any CPU
		{B5B58E80-D5C7-4EF3-BFC3-C17ED9B15E4D}.Release|Any CPU.ActiveCfg = Release|Any CPU
		{B5B58E80-D5C7-4EF3-BFC3-C17ED9B15E4D}.Release|Any CPU.Build.0 = Release|Any CPU
		{B5B58E80-D5C7-4EF3-BFC3-C17ED9B15E4D}.Release|Any CPU.Deploy.0 = Release|Any CPU
		{28B2EF36-0BFE-41DC-B253-631D82E84EE7}.Debug|Any CPU.ActiveCfg = Debug|Any CPU
		{28B2EF36-0BFE-41DC-B253-631D82E84EE7}.Debug|Any CPU.Build.0 = Debug|Any CPU
		{28B2EF36-0BFE-41DC-B253-631D82E84EE7}.Debug|Any CPU.Deploy.0 = Debug|Any CPU
		{28B2EF36-0BFE-41DC-B253-631D82E84EE7}.Release|Any CPU.ActiveCfg = Release|Any CPU
		{28B2EF36-0BFE-41DC-B253-631D82E84EE7}.Release|Any CPU.Build.0 = Release|Any CPU
		{28B2EF36-0BFE-41DC-B253-631D82E84EE7}.Release|Any CPU.Deploy.0 = Release|Any CPU
		{8F504BB6-31D4-4BF4-B3C3-D9FE39CB29D3}.Debug|Any CPU.ActiveCfg = Debug|Any CPU
		{8F504BB6-31D4-4BF4-B3C3-D9FE39CB29D3}.Debug|Any CPU.Build.0 = Debug|Any CPU
		{8F504BB6-31D4-4BF4-B3C3-D9FE39CB29D3}.Debug|Any CPU.Deploy.0 = Debug|Any CPU
		{8F504BB6-31D4-4BF4-B3C3-D9FE39CB29D3}.Release|Any CPU.ActiveCfg = Release|Any CPU
		{8F504BB6-31D4-4BF4-B3C3-D9FE39CB29D3}.Release|Any CPU.Build.0 = Release|Any CPU
		{8F504BB6-31D4-4BF4-B3C3-D9FE39CB29D3}.Release|Any CPU.Deploy.0 = Release|Any CPU
	EndGlobalSection
	GlobalSection(SolutionProperties) = preSolution
		HideSolutionNode = FALSE
	EndGlobalSection
	GlobalSection(NestedProjects) = preSolution
		{9E22861D-F758-4BD4-B99B-4A9019AE697E} = {05BBB840-2079-4DF8-B376-7151248435A6}
		{8B8B5662-955E-4522-BB6A-84778A2B479E} = {05BBB840-2079-4DF8-B376-7151248435A6}
		{D58779E9-FC72-4C7E-98C8-504B92E1DF63} = {D4B5E713-8E08-4F62-BB74-FF35EFDC0EFC}
		{48F2A960-4DEC-4F82-82E2-A8346B6E6CCB} = {3BFB72FB-3874-4BF0-914B-4636C39E11B8}
		{1665DCAE-96AB-418E-A184-730989FF1F85} = {E889237C-09AB-4576-B1FD-48CC0AD293A1}
		{4F830A91-3D4E-4DB8-BE31-139C684B697D} = {339D3E6A-B60D-4171-A7A4-14F836CDB5F2}
		{9F3B932A-9EF5-4622-8880-004837C9DB5D} = {BDB7C99A-CDAD-4F78-973B-FDC8CE7E1FFF}
		{18F79DC9-68E5-4D76-BDD9-850E8FC9FA35} = {7650181E-8B35-460F-B046-0E162E834239}
		{8E81ED23-EEDE-417E-9084-D6BBBBA5CA2C} = {293F2FC1-21F9-4825-B2C5-EBFA6876E364}
		{B1AF8E26-E82F-46FA-8896-432B0ABAC88F} = {8B8B5662-955E-4522-BB6A-84778A2B479E}
		{5606CF40-A7F0-4D65-B460-9E43A2BC1C6F} = {D4B5E713-8E08-4F62-BB74-FF35EFDC0EFC}
		{EDEC9769-249E-4DBC-A400-A0CE1AD035B7} = {D58779E9-FC72-4C7E-98C8-504B92E1DF63}
		{4387522A-7C95-4897-8AAB-967FA3187C7F} = {3BFB72FB-3874-4BF0-914B-4636C39E11B8}
		{41E80142-BCE2-4A87-BE41-4E586EF0CF7F} = {48F2A960-4DEC-4F82-82E2-A8346B6E6CCB}
		{2BF92D66-189D-4F36-920C-CD5BBC0BD004} = {E889237C-09AB-4576-B1FD-48CC0AD293A1}
		{7D6A1107-81AC-4BDA-A1AD-0969D3722CA2} = {1665DCAE-96AB-418E-A184-730989FF1F85}
		{00CA4F88-E0EA-4298-AAA0-BF1B68DD93A1} = {339D3E6A-B60D-4171-A7A4-14F836CDB5F2}
		{9AF26606-26C9-462B-AE69-14F22BC98A92} = {4F830A91-3D4E-4DB8-BE31-139C684B697D}
		{121B5614-7F49-4BE7-8E39-113AE5D7FB9E} = {BDB7C99A-CDAD-4F78-973B-FDC8CE7E1FFF}
		{CBBE3745-6AB6-4932-8D71-13B55C86B15B} = {9F3B932A-9EF5-4622-8880-004837C9DB5D}
		{69E202B2-915E-4D6A-9C6C-D16B4CAA70A0} = {7650181E-8B35-460F-B046-0E162E834239}
		{B5B58E80-D5C7-4EF3-BFC3-C17ED9B15E4D} = {18F79DC9-68E5-4D76-BDD9-850E8FC9FA35}
		{28B2EF36-0BFE-41DC-B253-631D82E84EE7} = {293F2FC1-21F9-4825-B2C5-EBFA6876E364}
		{8F504BB6-31D4-4BF4-B3C3-D9FE39CB29D3} = {8E81ED23-EEDE-417E-9084-D6BBBBA5CA2C}
	EndGlobalSection
	GlobalSection(ExtensibilityGlobals) = postSolution
		SolutionGuid = {673CD5FD-E4C7-48D7-85EA-3CB6FAD87939}
	EndGlobalSection
EndGlobal
