
Microsoft Visual Studio Solution File, Format Version 12.00
# Visual Studio Version 17
VisualStudioVersion = 17.1.32228.430
MinimumVisualStudioVersion = 10.0.40219.1
Project("{2150E333-8FDC-42A3-9474-1A3956D46DE8}") = "CharlieWing", "CharlieWing", "{05BBB840-2079-4DF8-B376-7151248435A6}"
EndProject
Project("{9A19103F-16F7-4668-BE54-9A1E7A4F7556}") = "CharlieWing", "CharlieWing\Driver\CharlieWing.csproj", "{9E22861D-F758-4BD4-B99B-4A9019AE697E}"
EndProject
Project("{2150E333-8FDC-42A3-9474-1A3956D46DE8}") = "Sample", "Sample", "{8B8B5662-955E-4522-BB6A-84778A2B479E}"
EndProject
Project("{2150E333-8FDC-42A3-9474-1A3956D46DE8}") = "DotStarWing", "DotStarWing", "{D4B5E713-8E08-4F62-BB74-FF35EFDC0EFC}"
EndProject
Project("{2150E333-8FDC-42A3-9474-1A3956D46DE8}") = "Sample", "Sample", "{D58779E9-FC72-4C7E-98C8-504B92E1DF63}"
EndProject
Project("{2150E333-8FDC-42A3-9474-1A3956D46DE8}") = "GPSWing", "GPSWing", "{3BFB72FB-3874-4BF0-914B-4636C39E11B8}"
EndProject
Project("{2150E333-8FDC-42A3-9474-1A3956D46DE8}") = "Sample", "Sample", "{48F2A960-4DEC-4F82-82E2-A8346B6E6CCB}"
EndProject
Project("{2150E333-8FDC-42A3-9474-1A3956D46DE8}") = "KeyboardWing", "KeyboardWing", "{E889237C-09AB-4576-B1FD-48CC0AD293A1}"
EndProject
Project("{2150E333-8FDC-42A3-9474-1A3956D46DE8}") = "Sample", "Sample", "{1665DCAE-96AB-418E-A184-730989FF1F85}"
EndProject
Project("{2150E333-8FDC-42A3-9474-1A3956D46DE8}") = "LedMatrix8x16Wing", "LedMatrix8x16Wing", "{339D3E6A-B60D-4171-A7A4-14F836CDB5F2}"
EndProject
Project("{2150E333-8FDC-42A3-9474-1A3956D46DE8}") = "Sample", "Sample", "{4F830A91-3D4E-4DB8-BE31-139C684B697D}"
EndProject
Project("{2150E333-8FDC-42A3-9474-1A3956D46DE8}") = "MotorWing", "MotorWing", "{BDB7C99A-CDAD-4F78-973B-FDC8CE7E1FFF}"
EndProject
Project("{2150E333-8FDC-42A3-9474-1A3956D46DE8}") = "Sample", "Sample", "{9F3B932A-9EF5-4622-8880-004837C9DB5D}"
EndProject
Project("{2150E333-8FDC-42A3-9474-1A3956D46DE8}") = "OLED128x32Wing", "OLED128x32Wing", "{7650181E-8B35-460F-B046-0E162E834239}"
EndProject
Project("{2150E333-8FDC-42A3-9474-1A3956D46DE8}") = "Sample", "Sample", "{18F79DC9-68E5-4D76-BDD9-850E8FC9FA35}"
EndProject
Project("{2150E333-8FDC-42A3-9474-1A3956D46DE8}") = "ServoWing", "ServoWing", "{293F2FC1-21F9-4825-B2C5-EBFA6876E364}"
EndProject
Project("{2150E333-8FDC-42A3-9474-1A3956D46DE8}") = "Sample", "Sample", "{8E81ED23-EEDE-417E-9084-D6BBBBA5CA2C}"
EndProject
Project("{9A19103F-16F7-4668-BE54-9A1E7A4F7556}") = "CharlieWing_Sample", "CharlieWing\Samples\CharlieWing_Sample\CharlieWing_Sample.csproj", "{B1AF8E26-E82F-46FA-8896-432B0ABAC88F}"
EndProject
Project("{9A19103F-16F7-4668-BE54-9A1E7A4F7556}") = "DotstarWing", "DotstarWing\Driver\DotstarWing.csproj", "{5606CF40-A7F0-4D65-B460-9E43A2BC1C6F}"
EndProject
Project("{9A19103F-16F7-4668-BE54-9A1E7A4F7556}") = "DotstarWing_Sample", "DotstarWing\Samples\DotstarWing_Sample\DotstarWing_Sample.csproj", "{EDEC9769-249E-4DBC-A400-A0CE1AD035B7}"
EndProject
Project("{9A19103F-16F7-4668-BE54-9A1E7A4F7556}") = "GPSWing", "GPSWing\Driver\GPSWing.csproj", "{4387522A-7C95-4897-8AAB-967FA3187C7F}"
EndProject
Project("{9A19103F-16F7-4668-BE54-9A1E7A4F7556}") = "GPSWing_Sample", "GPSWing\Samples\GPSWing_Sample\GPSWing_Sample.csproj", "{41E80142-BCE2-4A87-BE41-4E586EF0CF7F}"
EndProject
Project("{9A19103F-16F7-4668-BE54-9A1E7A4F7556}") = "KeyboardWing", "KeyboardWing\Driver\KeyboardWing.csproj", "{2BF92D66-189D-4F36-920C-CD5BBC0BD004}"
EndProject
Project("{9A19103F-16F7-4668-BE54-9A1E7A4F7556}") = "KeyboardWing_Sample", "KeyboardWing\Samples\KeyboardWing_Sample\KeyboardWing_Sample.csproj", "{7D6A1107-81AC-4BDA-A1AD-0969D3722CA2}"
EndProject
Project("{9A19103F-16F7-4668-BE54-9A1E7A4F7556}") = "LedMatrix8x16Wing", "LedMatrix8x16Wing\Driver\LedMatrix8x16Wing.csproj", "{00CA4F88-E0EA-4298-AAA0-BF1B68DD93A1}"
EndProject
Project("{9A19103F-16F7-4668-BE54-9A1E7A4F7556}") = "LedMatrix8x16Wing_Sample", "LedMatrix8x16Wing\Samples\LedMatrix8x16Wing_Sample\LedMatrix8x16Wing_Sample.csproj", "{9AF26606-26C9-462B-AE69-14F22BC98A92}"
EndProject
Project("{9A19103F-16F7-4668-BE54-9A1E7A4F7556}") = "MotorWing", "MotorWing\Driver\MotorWing.csproj", "{121B5614-7F49-4BE7-8E39-113AE5D7FB9E}"
EndProject
Project("{9A19103F-16F7-4668-BE54-9A1E7A4F7556}") = "MotorWing_Sample", "MotorWing\Sample\MotorWing_Sample\MotorWing_Sample.csproj", "{CBBE3745-6AB6-4932-8D71-13B55C86B15B}"
EndProject
Project("{9A19103F-16F7-4668-BE54-9A1E7A4F7556}") = "OLED128x32Wing", "OLED128x32Wing\Driver\OLED128x32Wing.csproj", "{69E202B2-915E-4D6A-9C6C-D16B4CAA70A0}"
EndProject
Project("{9A19103F-16F7-4668-BE54-9A1E7A4F7556}") = "OLED128x32Wing_Sample", "OLED128x32Wing\Sample\OLED128x32Wing_Sample\OLED128x32Wing_Sample.csproj", "{B5B58E80-D5C7-4EF3-BFC3-C17ED9B15E4D}"
EndProject
Project("{9A19103F-16F7-4668-BE54-9A1E7A4F7556}") = "ServoWing", "ServoWing\Driver\ServoWing.csproj", "{28B2EF36-0BFE-41DC-B253-631D82E84EE7}"
EndProject
Project("{9A19103F-16F7-4668-BE54-9A1E7A4F7556}") = "ServoWing_Sample", "ServoWing\Sample\ServoWing_Sample\ServoWing_Sample.csproj", "{8F504BB6-31D4-4BF4-B3C3-D9FE39CB29D3}"
EndProject
Project("{2150E333-8FDC-42A3-9474-1A3956D46DE8}") = "_External", "_External", "{BB1A7E97-4559-459B-BDF8-4ED41758AB29}"
EndProject
Project("{9A19103F-16F7-4668-BE54-9A1E7A4F7556}") = "Meadow.F7", "..\..\Meadow.Core\source\implementations\f7\Meadow.F7\Meadow.F7.csproj", "{59624F1F-91C6-4D1A-B408-BA8E85B764B8}"
EndProject
Project("{9A19103F-16F7-4668-BE54-9A1E7A4F7556}") = "Servos.ServoCore", "..\..\Meadow.Foundation\Source\Meadow.Foundation.Peripherals\Servos.ServoCore\Driver\Servos.ServoCore.csproj", "{F7DF19C0-6ABF-44EB-8DF0-F6223A3753B6}"
EndProject
Project("{9A19103F-16F7-4668-BE54-9A1E7A4F7556}") = "ICs.IOExpanders.Pca9685", "..\..\Meadow.Foundation\Source\Meadow.Foundation.Peripherals\ICs.IOExpanders.Pca9685\Driver\ICs.IOExpanders.Pca9685.csproj", "{31DAEBA3-F497-4FFD-9BD2-88771CCC457A}"
EndProject
Project("{9A19103F-16F7-4668-BE54-9A1E7A4F7556}") = "ICs.IOExpanders.Ht16k33", "..\..\Meadow.Foundation\Source\Meadow.Foundation.Peripherals\ICs.IOExpanders.Ht16k33\Driver\ICs.IOExpanders.Ht16k33.csproj", "{664930F3-8A51-469E-A8C2-AD8B3062BA8A}"
EndProject
Project("{9A19103F-16F7-4668-BE54-9A1E7A4F7556}") = "Sensors.Hid.Tsc2004", "..\..\Meadow.Foundation\Source\Meadow.Foundation.Peripherals\Sensors.Hid.Tsc2004\Driver\Sensors.Hid.Tsc2004.csproj", "{BEAD4EA5-8716-45C7-934B-BDC2528EECC6}"
EndProject
Project("{9A19103F-16F7-4668-BE54-9A1E7A4F7556}") = "Displays.TftSpi", "..\..\Meadow.Foundation\Source\Meadow.Foundation.Peripherals\Displays.TftSpi\Driver\Displays.TftSpi.csproj", "{0B17CBFA-74A1-496D-ACB1-FB42DD50795F}"
EndProject
Project("{9A19103F-16F7-4668-BE54-9A1E7A4F7556}") = "Sensors.Hid.Bbq10Keyboard", "..\..\Meadow.Foundation\Source\Meadow.Foundation.Peripherals\Sensors.Hid.BBQ10Keyboard\Driver\Sensors.Hid.Bbq10Keyboard.csproj", "{B7A2DBDB-B83A-44F4-9B2E-F0CCF2A75F5F}"
EndProject
Project("{9A19103F-16F7-4668-BE54-9A1E7A4F7556}") = "Sensors.Gnss.Mt3339", "..\..\Meadow.Foundation\Source\Meadow.Foundation.Peripherals\Sensors.Gnss.Mt3339\Driver\Sensors.Gnss.Mt3339.csproj", "{ABFCE6E8-7676-4C84-850F-3B3DACA6D2C0}"
EndProject
Project("{9A19103F-16F7-4668-BE54-9A1E7A4F7556}") = "Graphics.MicroGraphics", "..\..\Meadow.Foundation\Source\Meadow.Foundation.Libraries_and_Frameworks\Graphics.MicroGraphics\Driver\Graphics.MicroGraphics.csproj", "{F9B55BF2-724B-4BA7-9ADD-38C15BCBFDEA}"
EndProject
Project("{9A19103F-16F7-4668-BE54-9A1E7A4F7556}") = "ICs.IOExpanders.Is31fl3731", "..\..\Meadow.Foundation\Source\Meadow.Foundation.Peripherals\ICs.IOExpanders.Is31fl3731\Driver\ICs.IOExpanders.Is31fl3731.csproj", "{9E95F289-F4FB-4530-B92B-D2D78C772E89}"
EndProject
Project("{9A19103F-16F7-4668-BE54-9A1E7A4F7556}") = "Leds.Apa102", "..\..\Meadow.Foundation\Source\Meadow.Foundation.Peripherals\Leds.Apa102\Driver\Leds.Apa102.csproj", "{B7159B77-A8B2-42B3-80B8-A62DEA13AB31}"
EndProject
Project("{9A19103F-16F7-4668-BE54-9A1E7A4F7556}") = "Displays.Ssd130x", "..\..\Meadow.Foundation\Source\Meadow.Foundation.Peripherals\Displays.Ssd130x\Driver\Displays.Ssd130x.csproj", "{EF231FE5-3C87-469F-B5D9-065C32AA993D}"
EndProject
Project("{9A19103F-16F7-4668-BE54-9A1E7A4F7556}") = "Meadow.Foundation.Core", "..\..\Meadow.Foundation\Source\Meadow.Foundation.Core\Meadow.Foundation.Core.csproj", "{694940BF-DBE9-4650-AD84-6B69C5D6088A}"
EndProject
Project("{2150E333-8FDC-42A3-9474-1A3956D46DE8}") = "NeoPixelWing", "NeoPixelWing", "{746A2619-CBF1-47E2-A5C2-06DD8FCBB439}"
EndProject
Project("{9A19103F-16F7-4668-BE54-9A1E7A4F7556}") = "NeoPixelWing", "NeoPixelWing\Driver\NeoPixelWing.csproj", "{2A3BEBFE-65AC-4F11-BB7A-CD0EA2A1FD0B}"
EndProject
Project("{9A19103F-16F7-4668-BE54-9A1E7A4F7556}") = "Leds.Ws2812", "..\..\Meadow.Foundation\Source\Meadow.Foundation.Peripherals\Leds.Ws2812\Driver\Leds.Ws2812.csproj", "{238778FF-05AC-4A4C-A9DE-C4A3CCA09A34}"
EndProject
Project("{2150E333-8FDC-42A3-9474-1A3956D46DE8}") = "Sample", "Sample", "{9D07325E-A887-47FF-9D2F-47070B1F3D57}"
EndProject
Project("{9A19103F-16F7-4668-BE54-9A1E7A4F7556}") = "NeoPixelWing_Sample", "NeoPixelWing\Sample\NeoPixelWing_Sample\NeoPixelWing_Sample.csproj", "{CE05E44F-1A05-4AE8-9C98-AE6B73A2AEE9}"
EndProject
Project("{9A19103F-16F7-4668-BE54-9A1E7A4F7556}") = "Meadow.Core", "..\..\Meadow.Core\source\Meadow.Core\Meadow.Core.csproj", "{D9938C19-2DA9-4AAE-87DF-19AACFAFD617}"
EndProject
Project("{9A19103F-16F7-4668-BE54-9A1E7A4F7556}") = "Meadow.Units", "..\..\Meadow.Units\Source\Meadow.Units\Meadow.Units.csproj", "{C91D75E5-D668-466A-A89D-970BE8228ECB}"
EndProject
Project("{9A19103F-16F7-4668-BE54-9A1E7A4F7556}") = "Meadow.Contracts", "..\..\Meadow.Contracts\Source\Meadow.Contracts\Meadow.Contracts.csproj", "{0B716A9F-9461-4750-B68E-3739E473ACBA}"
EndProject
Project("{9A19103F-16F7-4668-BE54-9A1E7A4F7556}") = "Meadow.Logging", "..\..\Meadow.Logging\Source\Meadow.Logging\lib\Meadow.Logging.csproj", "{3BFD6004-9E9B-4EB0-B81F-FA1A7D52DB3F}"
EndProject
Project("{9A19103F-16F7-4668-BE54-9A1E7A4F7556}") = "Displays.Led.FourteenSegment", "..\..\Meadow.Foundation\Source\Meadow.Foundation.Peripherals\Displays.Led.FourteenSegment\Driver\Displays.Led.FourteenSegment.csproj", "{C84DE610-D39A-42DC-9153-F8884DE3869F}"
EndProject
Global
	GlobalSection(SolutionConfigurationPlatforms) = preSolution
		Debug|Any CPU = Debug|Any CPU
		Release|Any CPU = Release|Any CPU
	EndGlobalSection
	GlobalSection(ProjectConfigurationPlatforms) = postSolution
		{9E22861D-F758-4BD4-B99B-4A9019AE697E}.Debug|Any CPU.ActiveCfg = Debug|Any CPU
		{9E22861D-F758-4BD4-B99B-4A9019AE697E}.Debug|Any CPU.Build.0 = Debug|Any CPU
		{9E22861D-F758-4BD4-B99B-4A9019AE697E}.Debug|Any CPU.Deploy.0 = Debug|Any CPU
		{9E22861D-F758-4BD4-B99B-4A9019AE697E}.Release|Any CPU.ActiveCfg = Release|Any CPU
		{9E22861D-F758-4BD4-B99B-4A9019AE697E}.Release|Any CPU.Build.0 = Release|Any CPU
		{9E22861D-F758-4BD4-B99B-4A9019AE697E}.Release|Any CPU.Deploy.0 = Release|Any CPU
		{B1AF8E26-E82F-46FA-8896-432B0ABAC88F}.Debug|Any CPU.ActiveCfg = Debug|Any CPU
		{B1AF8E26-E82F-46FA-8896-432B0ABAC88F}.Debug|Any CPU.Build.0 = Debug|Any CPU
		{B1AF8E26-E82F-46FA-8896-432B0ABAC88F}.Debug|Any CPU.Deploy.0 = Debug|Any CPU
		{B1AF8E26-E82F-46FA-8896-432B0ABAC88F}.Release|Any CPU.ActiveCfg = Release|Any CPU
		{B1AF8E26-E82F-46FA-8896-432B0ABAC88F}.Release|Any CPU.Build.0 = Release|Any CPU
		{B1AF8E26-E82F-46FA-8896-432B0ABAC88F}.Release|Any CPU.Deploy.0 = Release|Any CPU
		{5606CF40-A7F0-4D65-B460-9E43A2BC1C6F}.Debug|Any CPU.ActiveCfg = Debug|Any CPU
		{5606CF40-A7F0-4D65-B460-9E43A2BC1C6F}.Debug|Any CPU.Build.0 = Debug|Any CPU
		{5606CF40-A7F0-4D65-B460-9E43A2BC1C6F}.Debug|Any CPU.Deploy.0 = Debug|Any CPU
		{5606CF40-A7F0-4D65-B460-9E43A2BC1C6F}.Release|Any CPU.ActiveCfg = Release|Any CPU
		{5606CF40-A7F0-4D65-B460-9E43A2BC1C6F}.Release|Any CPU.Build.0 = Release|Any CPU
		{5606CF40-A7F0-4D65-B460-9E43A2BC1C6F}.Release|Any CPU.Deploy.0 = Release|Any CPU
		{EDEC9769-249E-4DBC-A400-A0CE1AD035B7}.Debug|Any CPU.ActiveCfg = Debug|Any CPU
		{EDEC9769-249E-4DBC-A400-A0CE1AD035B7}.Debug|Any CPU.Build.0 = Debug|Any CPU
		{EDEC9769-249E-4DBC-A400-A0CE1AD035B7}.Debug|Any CPU.Deploy.0 = Debug|Any CPU
		{EDEC9769-249E-4DBC-A400-A0CE1AD035B7}.Release|Any CPU.ActiveCfg = Release|Any CPU
		{EDEC9769-249E-4DBC-A400-A0CE1AD035B7}.Release|Any CPU.Build.0 = Release|Any CPU
		{EDEC9769-249E-4DBC-A400-A0CE1AD035B7}.Release|Any CPU.Deploy.0 = Release|Any CPU
		{4387522A-7C95-4897-8AAB-967FA3187C7F}.Debug|Any CPU.ActiveCfg = Debug|Any CPU
		{4387522A-7C95-4897-8AAB-967FA3187C7F}.Debug|Any CPU.Build.0 = Debug|Any CPU
		{4387522A-7C95-4897-8AAB-967FA3187C7F}.Debug|Any CPU.Deploy.0 = Debug|Any CPU
		{4387522A-7C95-4897-8AAB-967FA3187C7F}.Release|Any CPU.ActiveCfg = Release|Any CPU
		{4387522A-7C95-4897-8AAB-967FA3187C7F}.Release|Any CPU.Build.0 = Release|Any CPU
		{4387522A-7C95-4897-8AAB-967FA3187C7F}.Release|Any CPU.Deploy.0 = Release|Any CPU
		{41E80142-BCE2-4A87-BE41-4E586EF0CF7F}.Debug|Any CPU.ActiveCfg = Debug|Any CPU
		{41E80142-BCE2-4A87-BE41-4E586EF0CF7F}.Debug|Any CPU.Build.0 = Debug|Any CPU
		{41E80142-BCE2-4A87-BE41-4E586EF0CF7F}.Debug|Any CPU.Deploy.0 = Debug|Any CPU
		{41E80142-BCE2-4A87-BE41-4E586EF0CF7F}.Release|Any CPU.ActiveCfg = Release|Any CPU
		{41E80142-BCE2-4A87-BE41-4E586EF0CF7F}.Release|Any CPU.Build.0 = Release|Any CPU
		{41E80142-BCE2-4A87-BE41-4E586EF0CF7F}.Release|Any CPU.Deploy.0 = Release|Any CPU
		{2BF92D66-189D-4F36-920C-CD5BBC0BD004}.Debug|Any CPU.ActiveCfg = Debug|Any CPU
		{2BF92D66-189D-4F36-920C-CD5BBC0BD004}.Debug|Any CPU.Build.0 = Debug|Any CPU
		{2BF92D66-189D-4F36-920C-CD5BBC0BD004}.Debug|Any CPU.Deploy.0 = Debug|Any CPU
		{2BF92D66-189D-4F36-920C-CD5BBC0BD004}.Release|Any CPU.ActiveCfg = Release|Any CPU
		{2BF92D66-189D-4F36-920C-CD5BBC0BD004}.Release|Any CPU.Build.0 = Release|Any CPU
		{2BF92D66-189D-4F36-920C-CD5BBC0BD004}.Release|Any CPU.Deploy.0 = Release|Any CPU
		{7D6A1107-81AC-4BDA-A1AD-0969D3722CA2}.Debug|Any CPU.ActiveCfg = Debug|Any CPU
		{7D6A1107-81AC-4BDA-A1AD-0969D3722CA2}.Debug|Any CPU.Build.0 = Debug|Any CPU
		{7D6A1107-81AC-4BDA-A1AD-0969D3722CA2}.Debug|Any CPU.Deploy.0 = Debug|Any CPU
		{7D6A1107-81AC-4BDA-A1AD-0969D3722CA2}.Release|Any CPU.ActiveCfg = Release|Any CPU
		{7D6A1107-81AC-4BDA-A1AD-0969D3722CA2}.Release|Any CPU.Build.0 = Release|Any CPU
		{7D6A1107-81AC-4BDA-A1AD-0969D3722CA2}.Release|Any CPU.Deploy.0 = Release|Any CPU
		{00CA4F88-E0EA-4298-AAA0-BF1B68DD93A1}.Debug|Any CPU.ActiveCfg = Debug|Any CPU
		{00CA4F88-E0EA-4298-AAA0-BF1B68DD93A1}.Debug|Any CPU.Build.0 = Debug|Any CPU
		{00CA4F88-E0EA-4298-AAA0-BF1B68DD93A1}.Debug|Any CPU.Deploy.0 = Debug|Any CPU
		{00CA4F88-E0EA-4298-AAA0-BF1B68DD93A1}.Release|Any CPU.ActiveCfg = Release|Any CPU
		{00CA4F88-E0EA-4298-AAA0-BF1B68DD93A1}.Release|Any CPU.Build.0 = Release|Any CPU
		{00CA4F88-E0EA-4298-AAA0-BF1B68DD93A1}.Release|Any CPU.Deploy.0 = Release|Any CPU
		{9AF26606-26C9-462B-AE69-14F22BC98A92}.Debug|Any CPU.ActiveCfg = Debug|Any CPU
		{9AF26606-26C9-462B-AE69-14F22BC98A92}.Debug|Any CPU.Build.0 = Debug|Any CPU
		{9AF26606-26C9-462B-AE69-14F22BC98A92}.Debug|Any CPU.Deploy.0 = Debug|Any CPU
		{9AF26606-26C9-462B-AE69-14F22BC98A92}.Release|Any CPU.ActiveCfg = Release|Any CPU
		{9AF26606-26C9-462B-AE69-14F22BC98A92}.Release|Any CPU.Build.0 = Release|Any CPU
		{9AF26606-26C9-462B-AE69-14F22BC98A92}.Release|Any CPU.Deploy.0 = Release|Any CPU
		{121B5614-7F49-4BE7-8E39-113AE5D7FB9E}.Debug|Any CPU.ActiveCfg = Debug|Any CPU
		{121B5614-7F49-4BE7-8E39-113AE5D7FB9E}.Debug|Any CPU.Build.0 = Debug|Any CPU
		{121B5614-7F49-4BE7-8E39-113AE5D7FB9E}.Debug|Any CPU.Deploy.0 = Debug|Any CPU
		{121B5614-7F49-4BE7-8E39-113AE5D7FB9E}.Release|Any CPU.ActiveCfg = Release|Any CPU
		{121B5614-7F49-4BE7-8E39-113AE5D7FB9E}.Release|Any CPU.Build.0 = Release|Any CPU
		{121B5614-7F49-4BE7-8E39-113AE5D7FB9E}.Release|Any CPU.Deploy.0 = Release|Any CPU
		{CBBE3745-6AB6-4932-8D71-13B55C86B15B}.Debug|Any CPU.ActiveCfg = Debug|Any CPU
		{CBBE3745-6AB6-4932-8D71-13B55C86B15B}.Debug|Any CPU.Build.0 = Debug|Any CPU
		{CBBE3745-6AB6-4932-8D71-13B55C86B15B}.Debug|Any CPU.Deploy.0 = Debug|Any CPU
		{CBBE3745-6AB6-4932-8D71-13B55C86B15B}.Release|Any CPU.ActiveCfg = Release|Any CPU
		{CBBE3745-6AB6-4932-8D71-13B55C86B15B}.Release|Any CPU.Build.0 = Release|Any CPU
		{CBBE3745-6AB6-4932-8D71-13B55C86B15B}.Release|Any CPU.Deploy.0 = Release|Any CPU
		{69E202B2-915E-4D6A-9C6C-D16B4CAA70A0}.Debug|Any CPU.ActiveCfg = Debug|Any CPU
		{69E202B2-915E-4D6A-9C6C-D16B4CAA70A0}.Debug|Any CPU.Build.0 = Debug|Any CPU
		{69E202B2-915E-4D6A-9C6C-D16B4CAA70A0}.Debug|Any CPU.Deploy.0 = Debug|Any CPU
		{69E202B2-915E-4D6A-9C6C-D16B4CAA70A0}.Release|Any CPU.ActiveCfg = Release|Any CPU
		{69E202B2-915E-4D6A-9C6C-D16B4CAA70A0}.Release|Any CPU.Build.0 = Release|Any CPU
		{69E202B2-915E-4D6A-9C6C-D16B4CAA70A0}.Release|Any CPU.Deploy.0 = Release|Any CPU
		{B5B58E80-D5C7-4EF3-BFC3-C17ED9B15E4D}.Debug|Any CPU.ActiveCfg = Debug|Any CPU
		{B5B58E80-D5C7-4EF3-BFC3-C17ED9B15E4D}.Debug|Any CPU.Build.0 = Debug|Any CPU
		{B5B58E80-D5C7-4EF3-BFC3-C17ED9B15E4D}.Debug|Any CPU.Deploy.0 = Debug|Any CPU
		{B5B58E80-D5C7-4EF3-BFC3-C17ED9B15E4D}.Release|Any CPU.ActiveCfg = Release|Any CPU
		{B5B58E80-D5C7-4EF3-BFC3-C17ED9B15E4D}.Release|Any CPU.Build.0 = Release|Any CPU
		{B5B58E80-D5C7-4EF3-BFC3-C17ED9B15E4D}.Release|Any CPU.Deploy.0 = Release|Any CPU
		{28B2EF36-0BFE-41DC-B253-631D82E84EE7}.Debug|Any CPU.ActiveCfg = Debug|Any CPU
		{28B2EF36-0BFE-41DC-B253-631D82E84EE7}.Debug|Any CPU.Build.0 = Debug|Any CPU
		{28B2EF36-0BFE-41DC-B253-631D82E84EE7}.Debug|Any CPU.Deploy.0 = Debug|Any CPU
		{28B2EF36-0BFE-41DC-B253-631D82E84EE7}.Release|Any CPU.ActiveCfg = Release|Any CPU
		{28B2EF36-0BFE-41DC-B253-631D82E84EE7}.Release|Any CPU.Build.0 = Release|Any CPU
		{28B2EF36-0BFE-41DC-B253-631D82E84EE7}.Release|Any CPU.Deploy.0 = Release|Any CPU
		{8F504BB6-31D4-4BF4-B3C3-D9FE39CB29D3}.Debug|Any CPU.ActiveCfg = Debug|Any CPU
		{8F504BB6-31D4-4BF4-B3C3-D9FE39CB29D3}.Debug|Any CPU.Build.0 = Debug|Any CPU
		{8F504BB6-31D4-4BF4-B3C3-D9FE39CB29D3}.Debug|Any CPU.Deploy.0 = Debug|Any CPU
		{8F504BB6-31D4-4BF4-B3C3-D9FE39CB29D3}.Release|Any CPU.ActiveCfg = Release|Any CPU
		{8F504BB6-31D4-4BF4-B3C3-D9FE39CB29D3}.Release|Any CPU.Build.0 = Release|Any CPU
		{8F504BB6-31D4-4BF4-B3C3-D9FE39CB29D3}.Release|Any CPU.Deploy.0 = Release|Any CPU
		{59624F1F-91C6-4D1A-B408-BA8E85B764B8}.Debug|Any CPU.ActiveCfg = Debug|Any CPU
		{59624F1F-91C6-4D1A-B408-BA8E85B764B8}.Debug|Any CPU.Build.0 = Debug|Any CPU
		{59624F1F-91C6-4D1A-B408-BA8E85B764B8}.Debug|Any CPU.Deploy.0 = Debug|Any CPU
		{59624F1F-91C6-4D1A-B408-BA8E85B764B8}.Release|Any CPU.ActiveCfg = Release|Any CPU
		{59624F1F-91C6-4D1A-B408-BA8E85B764B8}.Release|Any CPU.Build.0 = Release|Any CPU
		{59624F1F-91C6-4D1A-B408-BA8E85B764B8}.Release|Any CPU.Deploy.0 = Release|Any CPU
		{F7DF19C0-6ABF-44EB-8DF0-F6223A3753B6}.Debug|Any CPU.ActiveCfg = Debug|Any CPU
		{F7DF19C0-6ABF-44EB-8DF0-F6223A3753B6}.Debug|Any CPU.Build.0 = Debug|Any CPU
		{F7DF19C0-6ABF-44EB-8DF0-F6223A3753B6}.Debug|Any CPU.Deploy.0 = Debug|Any CPU
		{F7DF19C0-6ABF-44EB-8DF0-F6223A3753B6}.Release|Any CPU.ActiveCfg = Release|Any CPU
		{F7DF19C0-6ABF-44EB-8DF0-F6223A3753B6}.Release|Any CPU.Build.0 = Release|Any CPU
		{F7DF19C0-6ABF-44EB-8DF0-F6223A3753B6}.Release|Any CPU.Deploy.0 = Release|Any CPU
		{31DAEBA3-F497-4FFD-9BD2-88771CCC457A}.Debug|Any CPU.ActiveCfg = Debug|Any CPU
		{31DAEBA3-F497-4FFD-9BD2-88771CCC457A}.Debug|Any CPU.Build.0 = Debug|Any CPU
		{31DAEBA3-F497-4FFD-9BD2-88771CCC457A}.Debug|Any CPU.Deploy.0 = Debug|Any CPU
		{31DAEBA3-F497-4FFD-9BD2-88771CCC457A}.Release|Any CPU.ActiveCfg = Release|Any CPU
		{31DAEBA3-F497-4FFD-9BD2-88771CCC457A}.Release|Any CPU.Build.0 = Release|Any CPU
		{31DAEBA3-F497-4FFD-9BD2-88771CCC457A}.Release|Any CPU.Deploy.0 = Release|Any CPU
		{664930F3-8A51-469E-A8C2-AD8B3062BA8A}.Debug|Any CPU.ActiveCfg = Debug|Any CPU
		{664930F3-8A51-469E-A8C2-AD8B3062BA8A}.Debug|Any CPU.Build.0 = Debug|Any CPU
		{664930F3-8A51-469E-A8C2-AD8B3062BA8A}.Debug|Any CPU.Deploy.0 = Debug|Any CPU
		{664930F3-8A51-469E-A8C2-AD8B3062BA8A}.Release|Any CPU.ActiveCfg = Release|Any CPU
		{664930F3-8A51-469E-A8C2-AD8B3062BA8A}.Release|Any CPU.Build.0 = Release|Any CPU
		{664930F3-8A51-469E-A8C2-AD8B3062BA8A}.Release|Any CPU.Deploy.0 = Release|Any CPU
		{BEAD4EA5-8716-45C7-934B-BDC2528EECC6}.Debug|Any CPU.ActiveCfg = Debug|Any CPU
		{BEAD4EA5-8716-45C7-934B-BDC2528EECC6}.Debug|Any CPU.Build.0 = Debug|Any CPU
		{BEAD4EA5-8716-45C7-934B-BDC2528EECC6}.Debug|Any CPU.Deploy.0 = Debug|Any CPU
		{BEAD4EA5-8716-45C7-934B-BDC2528EECC6}.Release|Any CPU.ActiveCfg = Release|Any CPU
		{BEAD4EA5-8716-45C7-934B-BDC2528EECC6}.Release|Any CPU.Build.0 = Release|Any CPU
		{BEAD4EA5-8716-45C7-934B-BDC2528EECC6}.Release|Any CPU.Deploy.0 = Release|Any CPU
		{0B17CBFA-74A1-496D-ACB1-FB42DD50795F}.Debug|Any CPU.ActiveCfg = Debug|Any CPU
		{0B17CBFA-74A1-496D-ACB1-FB42DD50795F}.Debug|Any CPU.Build.0 = Debug|Any CPU
		{0B17CBFA-74A1-496D-ACB1-FB42DD50795F}.Debug|Any CPU.Deploy.0 = Debug|Any CPU
		{0B17CBFA-74A1-496D-ACB1-FB42DD50795F}.Release|Any CPU.ActiveCfg = Release|Any CPU
		{0B17CBFA-74A1-496D-ACB1-FB42DD50795F}.Release|Any CPU.Build.0 = Release|Any CPU
		{0B17CBFA-74A1-496D-ACB1-FB42DD50795F}.Release|Any CPU.Deploy.0 = Release|Any CPU
		{B7A2DBDB-B83A-44F4-9B2E-F0CCF2A75F5F}.Debug|Any CPU.ActiveCfg = Debug|Any CPU
		{B7A2DBDB-B83A-44F4-9B2E-F0CCF2A75F5F}.Debug|Any CPU.Build.0 = Debug|Any CPU
		{B7A2DBDB-B83A-44F4-9B2E-F0CCF2A75F5F}.Debug|Any CPU.Deploy.0 = Debug|Any CPU
		{B7A2DBDB-B83A-44F4-9B2E-F0CCF2A75F5F}.Release|Any CPU.ActiveCfg = Release|Any CPU
		{B7A2DBDB-B83A-44F4-9B2E-F0CCF2A75F5F}.Release|Any CPU.Build.0 = Release|Any CPU
		{B7A2DBDB-B83A-44F4-9B2E-F0CCF2A75F5F}.Release|Any CPU.Deploy.0 = Release|Any CPU
		{ABFCE6E8-7676-4C84-850F-3B3DACA6D2C0}.Debug|Any CPU.ActiveCfg = Debug|Any CPU
		{ABFCE6E8-7676-4C84-850F-3B3DACA6D2C0}.Debug|Any CPU.Build.0 = Debug|Any CPU
		{ABFCE6E8-7676-4C84-850F-3B3DACA6D2C0}.Debug|Any CPU.Deploy.0 = Debug|Any CPU
		{ABFCE6E8-7676-4C84-850F-3B3DACA6D2C0}.Release|Any CPU.ActiveCfg = Release|Any CPU
		{ABFCE6E8-7676-4C84-850F-3B3DACA6D2C0}.Release|Any CPU.Build.0 = Release|Any CPU
		{ABFCE6E8-7676-4C84-850F-3B3DACA6D2C0}.Release|Any CPU.Deploy.0 = Release|Any CPU
		{F9B55BF2-724B-4BA7-9ADD-38C15BCBFDEA}.Debug|Any CPU.ActiveCfg = Debug|Any CPU
		{F9B55BF2-724B-4BA7-9ADD-38C15BCBFDEA}.Debug|Any CPU.Build.0 = Debug|Any CPU
		{F9B55BF2-724B-4BA7-9ADD-38C15BCBFDEA}.Debug|Any CPU.Deploy.0 = Debug|Any CPU
		{F9B55BF2-724B-4BA7-9ADD-38C15BCBFDEA}.Release|Any CPU.ActiveCfg = Release|Any CPU
		{F9B55BF2-724B-4BA7-9ADD-38C15BCBFDEA}.Release|Any CPU.Build.0 = Release|Any CPU
		{F9B55BF2-724B-4BA7-9ADD-38C15BCBFDEA}.Release|Any CPU.Deploy.0 = Release|Any CPU
		{9E95F289-F4FB-4530-B92B-D2D78C772E89}.Debug|Any CPU.ActiveCfg = Debug|Any CPU
		{9E95F289-F4FB-4530-B92B-D2D78C772E89}.Debug|Any CPU.Build.0 = Debug|Any CPU
		{9E95F289-F4FB-4530-B92B-D2D78C772E89}.Debug|Any CPU.Deploy.0 = Debug|Any CPU
		{9E95F289-F4FB-4530-B92B-D2D78C772E89}.Release|Any CPU.ActiveCfg = Release|Any CPU
		{9E95F289-F4FB-4530-B92B-D2D78C772E89}.Release|Any CPU.Build.0 = Release|Any CPU
		{9E95F289-F4FB-4530-B92B-D2D78C772E89}.Release|Any CPU.Deploy.0 = Release|Any CPU
		{B7159B77-A8B2-42B3-80B8-A62DEA13AB31}.Debug|Any CPU.ActiveCfg = Debug|Any CPU
		{B7159B77-A8B2-42B3-80B8-A62DEA13AB31}.Debug|Any CPU.Build.0 = Debug|Any CPU
		{B7159B77-A8B2-42B3-80B8-A62DEA13AB31}.Debug|Any CPU.Deploy.0 = Debug|Any CPU
		{B7159B77-A8B2-42B3-80B8-A62DEA13AB31}.Release|Any CPU.ActiveCfg = Release|Any CPU
		{B7159B77-A8B2-42B3-80B8-A62DEA13AB31}.Release|Any CPU.Build.0 = Release|Any CPU
		{B7159B77-A8B2-42B3-80B8-A62DEA13AB31}.Release|Any CPU.Deploy.0 = Release|Any CPU
		{EF231FE5-3C87-469F-B5D9-065C32AA993D}.Debug|Any CPU.ActiveCfg = Debug|Any CPU
		{EF231FE5-3C87-469F-B5D9-065C32AA993D}.Debug|Any CPU.Build.0 = Debug|Any CPU
		{EF231FE5-3C87-469F-B5D9-065C32AA993D}.Debug|Any CPU.Deploy.0 = Debug|Any CPU
		{EF231FE5-3C87-469F-B5D9-065C32AA993D}.Release|Any CPU.ActiveCfg = Release|Any CPU
		{EF231FE5-3C87-469F-B5D9-065C32AA993D}.Release|Any CPU.Build.0 = Release|Any CPU
		{EF231FE5-3C87-469F-B5D9-065C32AA993D}.Release|Any CPU.Deploy.0 = Release|Any CPU
		{694940BF-DBE9-4650-AD84-6B69C5D6088A}.Debug|Any CPU.ActiveCfg = Debug|Any CPU
		{694940BF-DBE9-4650-AD84-6B69C5D6088A}.Debug|Any CPU.Build.0 = Debug|Any CPU
		{694940BF-DBE9-4650-AD84-6B69C5D6088A}.Debug|Any CPU.Deploy.0 = Debug|Any CPU
		{694940BF-DBE9-4650-AD84-6B69C5D6088A}.Release|Any CPU.ActiveCfg = Release|Any CPU
		{694940BF-DBE9-4650-AD84-6B69C5D6088A}.Release|Any CPU.Build.0 = Release|Any CPU
		{694940BF-DBE9-4650-AD84-6B69C5D6088A}.Release|Any CPU.Deploy.0 = Release|Any CPU
		{2A3BEBFE-65AC-4F11-BB7A-CD0EA2A1FD0B}.Debug|Any CPU.ActiveCfg = Debug|Any CPU
		{2A3BEBFE-65AC-4F11-BB7A-CD0EA2A1FD0B}.Debug|Any CPU.Build.0 = Debug|Any CPU
		{2A3BEBFE-65AC-4F11-BB7A-CD0EA2A1FD0B}.Debug|Any CPU.Deploy.0 = Debug|Any CPU
		{2A3BEBFE-65AC-4F11-BB7A-CD0EA2A1FD0B}.Release|Any CPU.ActiveCfg = Release|Any CPU
		{2A3BEBFE-65AC-4F11-BB7A-CD0EA2A1FD0B}.Release|Any CPU.Build.0 = Release|Any CPU
		{2A3BEBFE-65AC-4F11-BB7A-CD0EA2A1FD0B}.Release|Any CPU.Deploy.0 = Release|Any CPU
		{238778FF-05AC-4A4C-A9DE-C4A3CCA09A34}.Debug|Any CPU.ActiveCfg = Debug|Any CPU
		{238778FF-05AC-4A4C-A9DE-C4A3CCA09A34}.Debug|Any CPU.Build.0 = Debug|Any CPU
		{238778FF-05AC-4A4C-A9DE-C4A3CCA09A34}.Debug|Any CPU.Deploy.0 = Debug|Any CPU
		{238778FF-05AC-4A4C-A9DE-C4A3CCA09A34}.Release|Any CPU.ActiveCfg = Release|Any CPU
		{238778FF-05AC-4A4C-A9DE-C4A3CCA09A34}.Release|Any CPU.Build.0 = Release|Any CPU
		{238778FF-05AC-4A4C-A9DE-C4A3CCA09A34}.Release|Any CPU.Deploy.0 = Release|Any CPU
		{CE05E44F-1A05-4AE8-9C98-AE6B73A2AEE9}.Debug|Any CPU.ActiveCfg = Debug|Any CPU
		{CE05E44F-1A05-4AE8-9C98-AE6B73A2AEE9}.Debug|Any CPU.Build.0 = Debug|Any CPU
		{CE05E44F-1A05-4AE8-9C98-AE6B73A2AEE9}.Debug|Any CPU.Deploy.0 = Debug|Any CPU
		{CE05E44F-1A05-4AE8-9C98-AE6B73A2AEE9}.Release|Any CPU.ActiveCfg = Release|Any CPU
		{CE05E44F-1A05-4AE8-9C98-AE6B73A2AEE9}.Release|Any CPU.Build.0 = Release|Any CPU
		{CE05E44F-1A05-4AE8-9C98-AE6B73A2AEE9}.Release|Any CPU.Deploy.0 = Release|Any CPU
		{D9938C19-2DA9-4AAE-87DF-19AACFAFD617}.Debug|Any CPU.ActiveCfg = Debug|Any CPU
		{D9938C19-2DA9-4AAE-87DF-19AACFAFD617}.Debug|Any CPU.Build.0 = Debug|Any CPU
		{D9938C19-2DA9-4AAE-87DF-19AACFAFD617}.Debug|Any CPU.Deploy.0 = Debug|Any CPU
		{D9938C19-2DA9-4AAE-87DF-19AACFAFD617}.Release|Any CPU.ActiveCfg = Release|Any CPU
		{D9938C19-2DA9-4AAE-87DF-19AACFAFD617}.Release|Any CPU.Build.0 = Release|Any CPU
		{D9938C19-2DA9-4AAE-87DF-19AACFAFD617}.Release|Any CPU.Deploy.0 = Release|Any CPU
		{C91D75E5-D668-466A-A89D-970BE8228ECB}.Debug|Any CPU.ActiveCfg = Debug|Any CPU
		{C91D75E5-D668-466A-A89D-970BE8228ECB}.Debug|Any CPU.Build.0 = Debug|Any CPU
		{C91D75E5-D668-466A-A89D-970BE8228ECB}.Debug|Any CPU.Deploy.0 = Debug|Any CPU
		{C91D75E5-D668-466A-A89D-970BE8228ECB}.Release|Any CPU.ActiveCfg = Release|Any CPU
		{C91D75E5-D668-466A-A89D-970BE8228ECB}.Release|Any CPU.Build.0 = Release|Any CPU
		{C91D75E5-D668-466A-A89D-970BE8228ECB}.Release|Any CPU.Deploy.0 = Release|Any CPU
		{0B716A9F-9461-4750-B68E-3739E473ACBA}.Debug|Any CPU.ActiveCfg = Debug|Any CPU
		{0B716A9F-9461-4750-B68E-3739E473ACBA}.Debug|Any CPU.Build.0 = Debug|Any CPU
		{0B716A9F-9461-4750-B68E-3739E473ACBA}.Debug|Any CPU.Deploy.0 = Debug|Any CPU
		{0B716A9F-9461-4750-B68E-3739E473ACBA}.Release|Any CPU.ActiveCfg = Release|Any CPU
		{0B716A9F-9461-4750-B68E-3739E473ACBA}.Release|Any CPU.Build.0 = Release|Any CPU
		{0B716A9F-9461-4750-B68E-3739E473ACBA}.Release|Any CPU.Deploy.0 = Release|Any CPU
		{3BFD6004-9E9B-4EB0-B81F-FA1A7D52DB3F}.Debug|Any CPU.ActiveCfg = Debug|Any CPU
		{3BFD6004-9E9B-4EB0-B81F-FA1A7D52DB3F}.Debug|Any CPU.Build.0 = Debug|Any CPU
		{3BFD6004-9E9B-4EB0-B81F-FA1A7D52DB3F}.Release|Any CPU.ActiveCfg = Release|Any CPU
		{3BFD6004-9E9B-4EB0-B81F-FA1A7D52DB3F}.Release|Any CPU.Build.0 = Release|Any CPU
		{C84DE610-D39A-42DC-9153-F8884DE3869F}.Debug|Any CPU.ActiveCfg = Debug|Any CPU
		{C84DE610-D39A-42DC-9153-F8884DE3869F}.Debug|Any CPU.Build.0 = Debug|Any CPU
		{C84DE610-D39A-42DC-9153-F8884DE3869F}.Debug|Any CPU.Deploy.0 = Debug|Any CPU
		{C84DE610-D39A-42DC-9153-F8884DE3869F}.Release|Any CPU.ActiveCfg = Release|Any CPU
		{C84DE610-D39A-42DC-9153-F8884DE3869F}.Release|Any CPU.Build.0 = Release|Any CPU
		{C84DE610-D39A-42DC-9153-F8884DE3869F}.Release|Any CPU.Deploy.0 = Release|Any CPU
	EndGlobalSection
	GlobalSection(SolutionProperties) = preSolution
		HideSolutionNode = FALSE
	EndGlobalSection
	GlobalSection(NestedProjects) = preSolution
		{9E22861D-F758-4BD4-B99B-4A9019AE697E} = {05BBB840-2079-4DF8-B376-7151248435A6}
		{8B8B5662-955E-4522-BB6A-84778A2B479E} = {05BBB840-2079-4DF8-B376-7151248435A6}
		{D58779E9-FC72-4C7E-98C8-504B92E1DF63} = {D4B5E713-8E08-4F62-BB74-FF35EFDC0EFC}
		{48F2A960-4DEC-4F82-82E2-A8346B6E6CCB} = {3BFB72FB-3874-4BF0-914B-4636C39E11B8}
		{1665DCAE-96AB-418E-A184-730989FF1F85} = {E889237C-09AB-4576-B1FD-48CC0AD293A1}
		{4F830A91-3D4E-4DB8-BE31-139C684B697D} = {339D3E6A-B60D-4171-A7A4-14F836CDB5F2}
		{9F3B932A-9EF5-4622-8880-004837C9DB5D} = {BDB7C99A-CDAD-4F78-973B-FDC8CE7E1FFF}
		{18F79DC9-68E5-4D76-BDD9-850E8FC9FA35} = {7650181E-8B35-460F-B046-0E162E834239}
		{8E81ED23-EEDE-417E-9084-D6BBBBA5CA2C} = {293F2FC1-21F9-4825-B2C5-EBFA6876E364}
		{B1AF8E26-E82F-46FA-8896-432B0ABAC88F} = {8B8B5662-955E-4522-BB6A-84778A2B479E}
		{5606CF40-A7F0-4D65-B460-9E43A2BC1C6F} = {D4B5E713-8E08-4F62-BB74-FF35EFDC0EFC}
		{EDEC9769-249E-4DBC-A400-A0CE1AD035B7} = {D58779E9-FC72-4C7E-98C8-504B92E1DF63}
		{4387522A-7C95-4897-8AAB-967FA3187C7F} = {3BFB72FB-3874-4BF0-914B-4636C39E11B8}
		{41E80142-BCE2-4A87-BE41-4E586EF0CF7F} = {48F2A960-4DEC-4F82-82E2-A8346B6E6CCB}
		{2BF92D66-189D-4F36-920C-CD5BBC0BD004} = {E889237C-09AB-4576-B1FD-48CC0AD293A1}
		{7D6A1107-81AC-4BDA-A1AD-0969D3722CA2} = {1665DCAE-96AB-418E-A184-730989FF1F85}
		{00CA4F88-E0EA-4298-AAA0-BF1B68DD93A1} = {339D3E6A-B60D-4171-A7A4-14F836CDB5F2}
		{9AF26606-26C9-462B-AE69-14F22BC98A92} = {4F830A91-3D4E-4DB8-BE31-139C684B697D}
		{121B5614-7F49-4BE7-8E39-113AE5D7FB9E} = {BDB7C99A-CDAD-4F78-973B-FDC8CE7E1FFF}
		{CBBE3745-6AB6-4932-8D71-13B55C86B15B} = {9F3B932A-9EF5-4622-8880-004837C9DB5D}
		{69E202B2-915E-4D6A-9C6C-D16B4CAA70A0} = {7650181E-8B35-460F-B046-0E162E834239}
		{B5B58E80-D5C7-4EF3-BFC3-C17ED9B15E4D} = {18F79DC9-68E5-4D76-BDD9-850E8FC9FA35}
		{28B2EF36-0BFE-41DC-B253-631D82E84EE7} = {293F2FC1-21F9-4825-B2C5-EBFA6876E364}
		{8F504BB6-31D4-4BF4-B3C3-D9FE39CB29D3} = {8E81ED23-EEDE-417E-9084-D6BBBBA5CA2C}
		{59624F1F-91C6-4D1A-B408-BA8E85B764B8} = {BB1A7E97-4559-459B-BDF8-4ED41758AB29}
		{F7DF19C0-6ABF-44EB-8DF0-F6223A3753B6} = {BB1A7E97-4559-459B-BDF8-4ED41758AB29}
		{31DAEBA3-F497-4FFD-9BD2-88771CCC457A} = {BB1A7E97-4559-459B-BDF8-4ED41758AB29}
		{664930F3-8A51-469E-A8C2-AD8B3062BA8A} = {BB1A7E97-4559-459B-BDF8-4ED41758AB29}
		{BEAD4EA5-8716-45C7-934B-BDC2528EECC6} = {BB1A7E97-4559-459B-BDF8-4ED41758AB29}
		{0B17CBFA-74A1-496D-ACB1-FB42DD50795F} = {BB1A7E97-4559-459B-BDF8-4ED41758AB29}
		{B7A2DBDB-B83A-44F4-9B2E-F0CCF2A75F5F} = {BB1A7E97-4559-459B-BDF8-4ED41758AB29}
		{ABFCE6E8-7676-4C84-850F-3B3DACA6D2C0} = {BB1A7E97-4559-459B-BDF8-4ED41758AB29}
		{F9B55BF2-724B-4BA7-9ADD-38C15BCBFDEA} = {BB1A7E97-4559-459B-BDF8-4ED41758AB29}
		{9E95F289-F4FB-4530-B92B-D2D78C772E89} = {BB1A7E97-4559-459B-BDF8-4ED41758AB29}
		{B7159B77-A8B2-42B3-80B8-A62DEA13AB31} = {BB1A7E97-4559-459B-BDF8-4ED41758AB29}
		{EF231FE5-3C87-469F-B5D9-065C32AA993D} = {BB1A7E97-4559-459B-BDF8-4ED41758AB29}
		{694940BF-DBE9-4650-AD84-6B69C5D6088A} = {BB1A7E97-4559-459B-BDF8-4ED41758AB29}
		{2A3BEBFE-65AC-4F11-BB7A-CD0EA2A1FD0B} = {746A2619-CBF1-47E2-A5C2-06DD8FCBB439}
		{238778FF-05AC-4A4C-A9DE-C4A3CCA09A34} = {BB1A7E97-4559-459B-BDF8-4ED41758AB29}
		{9D07325E-A887-47FF-9D2F-47070B1F3D57} = {746A2619-CBF1-47E2-A5C2-06DD8FCBB439}
		{CE05E44F-1A05-4AE8-9C98-AE6B73A2AEE9} = {9D07325E-A887-47FF-9D2F-47070B1F3D57}
		{D9938C19-2DA9-4AAE-87DF-19AACFAFD617} = {BB1A7E97-4559-459B-BDF8-4ED41758AB29}
		{C91D75E5-D668-466A-A89D-970BE8228ECB} = {BB1A7E97-4559-459B-BDF8-4ED41758AB29}
		{0B716A9F-9461-4750-B68E-3739E473ACBA} = {BB1A7E97-4559-459B-BDF8-4ED41758AB29}
		{3BFD6004-9E9B-4EB0-B81F-FA1A7D52DB3F} = {BB1A7E97-4559-459B-BDF8-4ED41758AB29}
		{C84DE610-D39A-42DC-9153-F8884DE3869F} = {BB1A7E97-4559-459B-BDF8-4ED41758AB29}
	EndGlobalSection
	GlobalSection(ExtensibilityGlobals) = postSolution
		SolutionGuid = {673CD5FD-E4C7-48D7-85EA-3CB6FAD87939}
	EndGlobalSection
EndGlobal
