
Microsoft Visual Studio Solution File, Format Version 12.00
# Visual Studio Version 17
VisualStudioVersion = 17.1.32228.430
MinimumVisualStudioVersion = 10.0.40219.1
Project("{2150E333-8FDC-42A3-9474-1A3956D46DE8}") = "CharlieWing", "CharlieWing", "{05BBB840-2079-4DF8-B376-7151248435A6}"
EndProject
Project("{9A19103F-16F7-4668-BE54-9A1E7A4F7556}") = "CharlieWing", "CharlieWing\Driver\CharlieWing.csproj", "{9E22861D-F758-4BD4-B99B-4A9019AE697E}"
EndProject
Project("{2150E333-8FDC-42A3-9474-1A3956D46DE8}") = "DotStarWing", "DotStarWing", "{D4B5E713-8E08-4F62-BB74-FF35EFDC0EFC}"
EndProject
Project("{2150E333-8FDC-42A3-9474-1A3956D46DE8}") = "GPSWing", "GPSWing", "{3BFB72FB-3874-4BF0-914B-4636C39E11B8}"
EndProject
Project("{2150E333-8FDC-42A3-9474-1A3956D46DE8}") = "KeyboardWing", "KeyboardWing", "{E889237C-09AB-4576-B1FD-48CC0AD293A1}"
EndProject
Project("{2150E333-8FDC-42A3-9474-1A3956D46DE8}") = "LedMatrix8x16Wing", "LedMatrix8x16Wing", "{339D3E6A-B60D-4171-A7A4-14F836CDB5F2}"
EndProject
Project("{2150E333-8FDC-42A3-9474-1A3956D46DE8}") = "MotorWing", "MotorWing", "{BDB7C99A-CDAD-4F78-973B-FDC8CE7E1FFF}"
EndProject
Project("{2150E333-8FDC-42A3-9474-1A3956D46DE8}") = "OLED128x32Wing", "OLED128x32Wing", "{7650181E-8B35-460F-B046-0E162E834239}"
EndProject
Project("{2150E333-8FDC-42A3-9474-1A3956D46DE8}") = "ServoWing", "ServoWing", "{293F2FC1-21F9-4825-B2C5-EBFA6876E364}"
EndProject
Project("{9A19103F-16F7-4668-BE54-9A1E7A4F7556}") = "DotstarWing", "DotstarWing\Driver\DotstarWing.csproj", "{5606CF40-A7F0-4D65-B460-9E43A2BC1C6F}"
EndProject
Project("{9A19103F-16F7-4668-BE54-9A1E7A4F7556}") = "GPSWing", "GPSWing\Driver\GPSWing.csproj", "{4387522A-7C95-4897-8AAB-967FA3187C7F}"
EndProject
Project("{9A19103F-16F7-4668-BE54-9A1E7A4F7556}") = "KeyboardWing", "KeyboardWing\Driver\KeyboardWing.csproj", "{2BF92D66-189D-4F36-920C-CD5BBC0BD004}"
EndProject
Project("{9A19103F-16F7-4668-BE54-9A1E7A4F7556}") = "LedMatrix8x16Wing", "LedMatrix8x16Wing\Driver\LedMatrix8x16Wing.csproj", "{00CA4F88-E0EA-4298-AAA0-BF1B68DD93A1}"
EndProject
Project("{9A19103F-16F7-4668-BE54-9A1E7A4F7556}") = "MotorWing", "MotorWing\Driver\MotorWing.csproj", "{121B5614-7F49-4BE7-8E39-113AE5D7FB9E}"
EndProject
Project("{9A19103F-16F7-4668-BE54-9A1E7A4F7556}") = "OLED128x32Wing", "OLED128x32Wing\Driver\OLED128x32Wing.csproj", "{69E202B2-915E-4D6A-9C6C-D16B4CAA70A0}"
EndProject
Project("{9A19103F-16F7-4668-BE54-9A1E7A4F7556}") = "ServoWing", "ServoWing\Driver\ServoWing.csproj", "{28B2EF36-0BFE-41DC-B253-631D82E84EE7}"
EndProject
Project("{2150E333-8FDC-42A3-9474-1A3956D46DE8}") = "_External", "_External", "{354F4A2E-F50B-48A4-BE5C-A54AA3BD2ED8}"
EndProject
Project("{9A19103F-16F7-4668-BE54-9A1E7A4F7556}") = "ICs.IOExpanders.Is31fl3731", "..\..\Meadow.Foundation\Source\Meadow.Foundation.Peripherals\ICs.IOExpanders.Is31fl3731\Driver\ICs.IOExpanders.Is31fl3731.csproj", "{23CAED3A-05E3-46D6-AA9D-DE89ABDD9AEC}"
EndProject
Project("{9A19103F-16F7-4668-BE54-9A1E7A4F7556}") = "Leds.Apa102", "..\..\Meadow.Foundation\Source\Meadow.Foundation.Peripherals\Leds.Apa102\Driver\Leds.Apa102.csproj", "{94D08F5E-B913-4CD8-B600-92F6D37DEADE}"
EndProject
Project("{9A19103F-16F7-4668-BE54-9A1E7A4F7556}") = "Displays.TftSpi", "..\..\Meadow.Foundation\Source\Meadow.Foundation.Peripherals\Displays.TftSpi\Driver\Displays.TftSpi.csproj", "{981E67CF-BA5B-4FC5-BB57-A3B8D8C5E511}"
EndProject
Project("{9A19103F-16F7-4668-BE54-9A1E7A4F7556}") = "Sensors.Hid.Tsc2004", "..\..\Meadow.Foundation\Source\Meadow.Foundation.Peripherals\Sensors.Hid.Tsc2004\Driver\Sensors.Hid.Tsc2004.csproj", "{2E2CF3CC-4DA1-4A29-A6D8-B42033A66D7F}"
EndProject
Project("{9A19103F-16F7-4668-BE54-9A1E7A4F7556}") = "Sensors.Hid.Bbq10Keyboard", "..\..\Meadow.Foundation\Source\Meadow.Foundation.Peripherals\Sensors.Hid.BBQ10Keyboard\Driver\Sensors.Hid.Bbq10Keyboard.csproj", "{540D528D-F572-4504-8835-E2411BC6CB04}"
EndProject
Project("{9A19103F-16F7-4668-BE54-9A1E7A4F7556}") = "ICs.IOExpanders.Ht16k33", "..\..\Meadow.Foundation\Source\Meadow.Foundation.Peripherals\ICs.IOExpanders.Ht16k33\Driver\ICs.IOExpanders.Ht16k33.csproj", "{BB6AD007-621F-4122-9CD8-6E9CB48AF830}"
EndProject
Project("{9A19103F-16F7-4668-BE54-9A1E7A4F7556}") = "ICs.IOExpanders.Pca9685", "..\..\Meadow.Foundation\Source\Meadow.Foundation.Peripherals\ICs.IOExpanders.Pca9685\Driver\ICs.IOExpanders.Pca9685.csproj", "{02477BF4-AB04-49F7-A7FA-445BD098503A}"
EndProject
Project("{9A19103F-16F7-4668-BE54-9A1E7A4F7556}") = "Displays.Ssd130x", "..\..\Meadow.Foundation\Source\Meadow.Foundation.Peripherals\Displays.Ssd130x\Driver\Displays.Ssd130x.csproj", "{3077B431-B6F4-4A64-9E2E-2A69578DBC1E}"
EndProject
Project("{9A19103F-16F7-4668-BE54-9A1E7A4F7556}") = "Servos.ServoCore", "..\..\Meadow.Foundation\Source\Meadow.Foundation.Peripherals\Servos.ServoCore\Driver\Servos.ServoCore.csproj", "{2A1CA086-9C64-4D08-BF0F-8F987E07359D}"
EndProject
Global
	GlobalSection(SolutionConfigurationPlatforms) = preSolution
		Debug|Any CPU = Debug|Any CPU
		Release|Any CPU = Release|Any CPU
	EndGlobalSection
	GlobalSection(ProjectConfigurationPlatforms) = postSolution
		{9E22861D-F758-4BD4-B99B-4A9019AE697E}.Debug|Any CPU.ActiveCfg = Debug|Any CPU
		{9E22861D-F758-4BD4-B99B-4A9019AE697E}.Debug|Any CPU.Build.0 = Debug|Any CPU
		{9E22861D-F758-4BD4-B99B-4A9019AE697E}.Debug|Any CPU.Deploy.0 = Debug|Any CPU
		{9E22861D-F758-4BD4-B99B-4A9019AE697E}.Release|Any CPU.ActiveCfg = Release|Any CPU
		{9E22861D-F758-4BD4-B99B-4A9019AE697E}.Release|Any CPU.Build.0 = Release|Any CPU
		{9E22861D-F758-4BD4-B99B-4A9019AE697E}.Release|Any CPU.Deploy.0 = Release|Any CPU
		{5606CF40-A7F0-4D65-B460-9E43A2BC1C6F}.Debug|Any CPU.ActiveCfg = Debug|Any CPU
		{5606CF40-A7F0-4D65-B460-9E43A2BC1C6F}.Debug|Any CPU.Build.0 = Debug|Any CPU
		{5606CF40-A7F0-4D65-B460-9E43A2BC1C6F}.Debug|Any CPU.Deploy.0 = Debug|Any CPU
		{5606CF40-A7F0-4D65-B460-9E43A2BC1C6F}.Release|Any CPU.ActiveCfg = Release|Any CPU
		{5606CF40-A7F0-4D65-B460-9E43A2BC1C6F}.Release|Any CPU.Build.0 = Release|Any CPU
		{5606CF40-A7F0-4D65-B460-9E43A2BC1C6F}.Release|Any CPU.Deploy.0 = Release|Any CPU
		{4387522A-7C95-4897-8AAB-967FA3187C7F}.Debug|Any CPU.ActiveCfg = Debug|Any CPU
		{4387522A-7C95-4897-8AAB-967FA3187C7F}.Debug|Any CPU.Build.0 = Debug|Any CPU
		{4387522A-7C95-4897-8AAB-967FA3187C7F}.Debug|Any CPU.Deploy.0 = Debug|Any CPU
		{4387522A-7C95-4897-8AAB-967FA3187C7F}.Release|Any CPU.ActiveCfg = Release|Any CPU
		{4387522A-7C95-4897-8AAB-967FA3187C7F}.Release|Any CPU.Build.0 = Release|Any CPU
		{4387522A-7C95-4897-8AAB-967FA3187C7F}.Release|Any CPU.Deploy.0 = Release|Any CPU
		{2BF92D66-189D-4F36-920C-CD5BBC0BD004}.Debug|Any CPU.ActiveCfg = Debug|Any CPU
		{2BF92D66-189D-4F36-920C-CD5BBC0BD004}.Debug|Any CPU.Build.0 = Debug|Any CPU
		{2BF92D66-189D-4F36-920C-CD5BBC0BD004}.Debug|Any CPU.Deploy.0 = Debug|Any CPU
		{2BF92D66-189D-4F36-920C-CD5BBC0BD004}.Release|Any CPU.ActiveCfg = Release|Any CPU
		{2BF92D66-189D-4F36-920C-CD5BBC0BD004}.Release|Any CPU.Build.0 = Release|Any CPU
		{2BF92D66-189D-4F36-920C-CD5BBC0BD004}.Release|Any CPU.Deploy.0 = Release|Any CPU
		{00CA4F88-E0EA-4298-AAA0-BF1B68DD93A1}.Debug|Any CPU.ActiveCfg = Debug|Any CPU
		{00CA4F88-E0EA-4298-AAA0-BF1B68DD93A1}.Debug|Any CPU.Build.0 = Debug|Any CPU
		{00CA4F88-E0EA-4298-AAA0-BF1B68DD93A1}.Debug|Any CPU.Deploy.0 = Debug|Any CPU
		{00CA4F88-E0EA-4298-AAA0-BF1B68DD93A1}.Release|Any CPU.ActiveCfg = Release|Any CPU
		{00CA4F88-E0EA-4298-AAA0-BF1B68DD93A1}.Release|Any CPU.Build.0 = Release|Any CPU
		{00CA4F88-E0EA-4298-AAA0-BF1B68DD93A1}.Release|Any CPU.Deploy.0 = Release|Any CPU
		{121B5614-7F49-4BE7-8E39-113AE5D7FB9E}.Debug|Any CPU.ActiveCfg = Debug|Any CPU
		{121B5614-7F49-4BE7-8E39-113AE5D7FB9E}.Debug|Any CPU.Build.0 = Debug|Any CPU
		{121B5614-7F49-4BE7-8E39-113AE5D7FB9E}.Debug|Any CPU.Deploy.0 = Debug|Any CPU
		{121B5614-7F49-4BE7-8E39-113AE5D7FB9E}.Release|Any CPU.ActiveCfg = Release|Any CPU
		{121B5614-7F49-4BE7-8E39-113AE5D7FB9E}.Release|Any CPU.Build.0 = Release|Any CPU
		{121B5614-7F49-4BE7-8E39-113AE5D7FB9E}.Release|Any CPU.Deploy.0 = Release|Any CPU
		{69E202B2-915E-4D6A-9C6C-D16B4CAA70A0}.Debug|Any CPU.ActiveCfg = Debug|Any CPU
		{69E202B2-915E-4D6A-9C6C-D16B4CAA70A0}.Debug|Any CPU.Build.0 = Debug|Any CPU
		{69E202B2-915E-4D6A-9C6C-D16B4CAA70A0}.Debug|Any CPU.Deploy.0 = Debug|Any CPU
		{69E202B2-915E-4D6A-9C6C-D16B4CAA70A0}.Release|Any CPU.ActiveCfg = Release|Any CPU
		{69E202B2-915E-4D6A-9C6C-D16B4CAA70A0}.Release|Any CPU.Build.0 = Release|Any CPU
		{69E202B2-915E-4D6A-9C6C-D16B4CAA70A0}.Release|Any CPU.Deploy.0 = Release|Any CPU
		{28B2EF36-0BFE-41DC-B253-631D82E84EE7}.Debug|Any CPU.ActiveCfg = Debug|Any CPU
		{28B2EF36-0BFE-41DC-B253-631D82E84EE7}.Debug|Any CPU.Build.0 = Debug|Any CPU
		{28B2EF36-0BFE-41DC-B253-631D82E84EE7}.Debug|Any CPU.Deploy.0 = Debug|Any CPU
		{28B2EF36-0BFE-41DC-B253-631D82E84EE7}.Release|Any CPU.ActiveCfg = Release|Any CPU
		{28B2EF36-0BFE-41DC-B253-631D82E84EE7}.Release|Any CPU.Build.0 = Release|Any CPU
		{28B2EF36-0BFE-41DC-B253-631D82E84EE7}.Release|Any CPU.Deploy.0 = Release|Any CPU
		{23CAED3A-05E3-46D6-AA9D-DE89ABDD9AEC}.Debug|Any CPU.ActiveCfg = Debug|Any CPU
		{23CAED3A-05E3-46D6-AA9D-DE89ABDD9AEC}.Debug|Any CPU.Build.0 = Debug|Any CPU
		{23CAED3A-05E3-46D6-AA9D-DE89ABDD9AEC}.Debug|Any CPU.Deploy.0 = Debug|Any CPU
		{23CAED3A-05E3-46D6-AA9D-DE89ABDD9AEC}.Release|Any CPU.ActiveCfg = Release|Any CPU
		{23CAED3A-05E3-46D6-AA9D-DE89ABDD9AEC}.Release|Any CPU.Build.0 = Release|Any CPU
		{23CAED3A-05E3-46D6-AA9D-DE89ABDD9AEC}.Release|Any CPU.Deploy.0 = Release|Any CPU
		{94D08F5E-B913-4CD8-B600-92F6D37DEADE}.Debug|Any CPU.ActiveCfg = Debug|Any CPU
		{94D08F5E-B913-4CD8-B600-92F6D37DEADE}.Debug|Any CPU.Build.0 = Debug|Any CPU
		{94D08F5E-B913-4CD8-B600-92F6D37DEADE}.Debug|Any CPU.Deploy.0 = Debug|Any CPU
		{94D08F5E-B913-4CD8-B600-92F6D37DEADE}.Release|Any CPU.ActiveCfg = Release|Any CPU
		{94D08F5E-B913-4CD8-B600-92F6D37DEADE}.Release|Any CPU.Build.0 = Release|Any CPU
		{94D08F5E-B913-4CD8-B600-92F6D37DEADE}.Release|Any CPU.Deploy.0 = Release|Any CPU
		{981E67CF-BA5B-4FC5-BB57-A3B8D8C5E511}.Debug|Any CPU.ActiveCfg = Debug|Any CPU
		{981E67CF-BA5B-4FC5-BB57-A3B8D8C5E511}.Debug|Any CPU.Build.0 = Debug|Any CPU
		{981E67CF-BA5B-4FC5-BB57-A3B8D8C5E511}.Debug|Any CPU.Deploy.0 = Debug|Any CPU
		{981E67CF-BA5B-4FC5-BB57-A3B8D8C5E511}.Release|Any CPU.ActiveCfg = Release|Any CPU
		{981E67CF-BA5B-4FC5-BB57-A3B8D8C5E511}.Release|Any CPU.Build.0 = Release|Any CPU
		{981E67CF-BA5B-4FC5-BB57-A3B8D8C5E511}.Release|Any CPU.Deploy.0 = Release|Any CPU
		{2E2CF3CC-4DA1-4A29-A6D8-B42033A66D7F}.Debug|Any CPU.ActiveCfg = Debug|Any CPU
		{2E2CF3CC-4DA1-4A29-A6D8-B42033A66D7F}.Debug|Any CPU.Build.0 = Debug|Any CPU
		{2E2CF3CC-4DA1-4A29-A6D8-B42033A66D7F}.Debug|Any CPU.Deploy.0 = Debug|Any CPU
		{2E2CF3CC-4DA1-4A29-A6D8-B42033A66D7F}.Release|Any CPU.ActiveCfg = Release|Any CPU
		{2E2CF3CC-4DA1-4A29-A6D8-B42033A66D7F}.Release|Any CPU.Build.0 = Release|Any CPU
		{2E2CF3CC-4DA1-4A29-A6D8-B42033A66D7F}.Release|Any CPU.Deploy.0 = Release|Any CPU
		{540D528D-F572-4504-8835-E2411BC6CB04}.Debug|Any CPU.ActiveCfg = Debug|Any CPU
		{540D528D-F572-4504-8835-E2411BC6CB04}.Debug|Any CPU.Build.0 = Debug|Any CPU
		{540D528D-F572-4504-8835-E2411BC6CB04}.Debug|Any CPU.Deploy.0 = Debug|Any CPU
		{540D528D-F572-4504-8835-E2411BC6CB04}.Release|Any CPU.ActiveCfg = Release|Any CPU
		{540D528D-F572-4504-8835-E2411BC6CB04}.Release|Any CPU.Build.0 = Release|Any CPU
		{540D528D-F572-4504-8835-E2411BC6CB04}.Release|Any CPU.Deploy.0 = Release|Any CPU
		{BB6AD007-621F-4122-9CD8-6E9CB48AF830}.Debug|Any CPU.ActiveCfg = Debug|Any CPU
		{BB6AD007-621F-4122-9CD8-6E9CB48AF830}.Debug|Any CPU.Build.0 = Debug|Any CPU
		{BB6AD007-621F-4122-9CD8-6E9CB48AF830}.Debug|Any CPU.Deploy.0 = Debug|Any CPU
		{BB6AD007-621F-4122-9CD8-6E9CB48AF830}.Release|Any CPU.ActiveCfg = Release|Any CPU
		{BB6AD007-621F-4122-9CD8-6E9CB48AF830}.Release|Any CPU.Build.0 = Release|Any CPU
		{BB6AD007-621F-4122-9CD8-6E9CB48AF830}.Release|Any CPU.Deploy.0 = Release|Any CPU
		{02477BF4-AB04-49F7-A7FA-445BD098503A}.Debug|Any CPU.ActiveCfg = Debug|Any CPU
		{02477BF4-AB04-49F7-A7FA-445BD098503A}.Debug|Any CPU.Build.0 = Debug|Any CPU
		{02477BF4-AB04-49F7-A7FA-445BD098503A}.Debug|Any CPU.Deploy.0 = Debug|Any CPU
		{02477BF4-AB04-49F7-A7FA-445BD098503A}.Release|Any CPU.ActiveCfg = Release|Any CPU
		{02477BF4-AB04-49F7-A7FA-445BD098503A}.Release|Any CPU.Build.0 = Release|Any CPU
		{02477BF4-AB04-49F7-A7FA-445BD098503A}.Release|Any CPU.Deploy.0 = Release|Any CPU
		{3077B431-B6F4-4A64-9E2E-2A69578DBC1E}.Debug|Any CPU.ActiveCfg = Debug|Any CPU
		{3077B431-B6F4-4A64-9E2E-2A69578DBC1E}.Debug|Any CPU.Build.0 = Debug|Any CPU
		{3077B431-B6F4-4A64-9E2E-2A69578DBC1E}.Debug|Any CPU.Deploy.0 = Debug|Any CPU
		{3077B431-B6F4-4A64-9E2E-2A69578DBC1E}.Release|Any CPU.ActiveCfg = Release|Any CPU
		{3077B431-B6F4-4A64-9E2E-2A69578DBC1E}.Release|Any CPU.Build.0 = Release|Any CPU
		{3077B431-B6F4-4A64-9E2E-2A69578DBC1E}.Release|Any CPU.Deploy.0 = Release|Any CPU
		{2A1CA086-9C64-4D08-BF0F-8F987E07359D}.Debug|Any CPU.ActiveCfg = Debug|Any CPU
		{2A1CA086-9C64-4D08-BF0F-8F987E07359D}.Debug|Any CPU.Build.0 = Debug|Any CPU
		{2A1CA086-9C64-4D08-BF0F-8F987E07359D}.Debug|Any CPU.Deploy.0 = Debug|Any CPU
		{2A1CA086-9C64-4D08-BF0F-8F987E07359D}.Release|Any CPU.ActiveCfg = Release|Any CPU
		{2A1CA086-9C64-4D08-BF0F-8F987E07359D}.Release|Any CPU.Build.0 = Release|Any CPU
		{2A1CA086-9C64-4D08-BF0F-8F987E07359D}.Release|Any CPU.Deploy.0 = Release|Any CPU
	EndGlobalSection
	GlobalSection(SolutionProperties) = preSolution
		HideSolutionNode = FALSE
	EndGlobalSection
	GlobalSection(NestedProjects) = preSolution
		{9E22861D-F758-4BD4-B99B-4A9019AE697E} = {05BBB840-2079-4DF8-B376-7151248435A6}
		{D4B5E713-8E08-4F62-BB74-FF35EFDC0EFC} = {3BFB72FB-3874-4BF0-914B-4636C39E11B8}
		{5606CF40-A7F0-4D65-B460-9E43A2BC1C6F} = {D4B5E713-8E08-4F62-BB74-FF35EFDC0EFC}
		{4387522A-7C95-4897-8AAB-967FA3187C7F} = {3BFB72FB-3874-4BF0-914B-4636C39E11B8}
		{2BF92D66-189D-4F36-920C-CD5BBC0BD004} = {E889237C-09AB-4576-B1FD-48CC0AD293A1}
		{00CA4F88-E0EA-4298-AAA0-BF1B68DD93A1} = {339D3E6A-B60D-4171-A7A4-14F836CDB5F2}
		{121B5614-7F49-4BE7-8E39-113AE5D7FB9E} = {BDB7C99A-CDAD-4F78-973B-FDC8CE7E1FFF}
		{69E202B2-915E-4D6A-9C6C-D16B4CAA70A0} = {7650181E-8B35-460F-B046-0E162E834239}
		{28B2EF36-0BFE-41DC-B253-631D82E84EE7} = {293F2FC1-21F9-4825-B2C5-EBFA6876E364}
		{23CAED3A-05E3-46D6-AA9D-DE89ABDD9AEC} = {354F4A2E-F50B-48A4-BE5C-A54AA3BD2ED8}
		{94D08F5E-B913-4CD8-B600-92F6D37DEADE} = {354F4A2E-F50B-48A4-BE5C-A54AA3BD2ED8}
		{981E67CF-BA5B-4FC5-BB57-A3B8D8C5E511} = {354F4A2E-F50B-48A4-BE5C-A54AA3BD2ED8}
		{2E2CF3CC-4DA1-4A29-A6D8-B42033A66D7F} = {354F4A2E-F50B-48A4-BE5C-A54AA3BD2ED8}
		{540D528D-F572-4504-8835-E2411BC6CB04} = {354F4A2E-F50B-48A4-BE5C-A54AA3BD2ED8}
		{BB6AD007-621F-4122-9CD8-6E9CB48AF830} = {354F4A2E-F50B-48A4-BE5C-A54AA3BD2ED8}
		{02477BF4-AB04-49F7-A7FA-445BD098503A} = {354F4A2E-F50B-48A4-BE5C-A54AA3BD2ED8}
		{3077B431-B6F4-4A64-9E2E-2A69578DBC1E} = {354F4A2E-F50B-48A4-BE5C-A54AA3BD2ED8}
		{2A1CA086-9C64-4D08-BF0F-8F987E07359D} = {354F4A2E-F50B-48A4-BE5C-A54AA3BD2ED8}
	EndGlobalSection
	GlobalSection(ExtensibilityGlobals) = postSolution
		SolutionGuid = {673CD5FD-E4C7-48D7-85EA-3CB6FAD87939}
	EndGlobalSection
EndGlobal
